// !$*UTF8*$!
{
	archiveVersion = 1;
	classes = {
	};
	objectVersion = 50;
	objects = {

/* Begin PBXBuildFile section */
		D3089A9B250B8A4700FBFD1B /* GoogleService-Info.plist in Resources */ = {isa = PBXBuildFile; fileRef = D3089A9A250B8A4700FBFD1B /* GoogleService-Info.plist */; };
		D3A57E6524C037FF00368EA1 /* AppDelegate.swift in Sources */ = {isa = PBXBuildFile; fileRef = D3A57E6424C037FF00368EA1 /* AppDelegate.swift */; };
		D3A57E6924C037FF00368EA1 /* ViewController.swift in Sources */ = {isa = PBXBuildFile; fileRef = D3A57E6824C037FF00368EA1 /* ViewController.swift */; };
		D3A57E6C24C037FF00368EA1 /* Main.storyboard in Resources */ = {isa = PBXBuildFile; fileRef = D3A57E6A24C037FF00368EA1 /* Main.storyboard */; };
		D3A57E6E24C0380000368EA1 /* Assets.xcassets in Resources */ = {isa = PBXBuildFile; fileRef = D3A57E6D24C0380000368EA1 /* Assets.xcassets */; };
		D3A57E7124C0380000368EA1 /* LaunchScreen.storyboard in Resources */ = {isa = PBXBuildFile; fileRef = D3A57E6F24C0380000368EA1 /* LaunchScreen.storyboard */; };
		D3ABCA2D24E14EDE00AE8C8A /* README.md in Resources */ = {isa = PBXBuildFile; fileRef = D3ABCA2C24E14EDE00AE8C8A /* README.md */; };
		D9A5AD5891186EF8D170DC4E /* libPods-CleanArch.a in Frameworks */ = {isa = PBXBuildFile; fileRef = 7CCABC3267A1CEA26A40CF4E /* libPods-CleanArch.a */; };
/* End PBXBuildFile section */

/* Begin PBXFileReference section */
		43171471FD996601B796B406 /* Pods-CleanArch.release.xcconfig */ = {isa = PBXFileReference; includeInIndex = 1; lastKnownFileType = text.xcconfig; name = "Pods-CleanArch.release.xcconfig"; path = "Target Support Files/Pods-CleanArch/Pods-CleanArch.release.xcconfig"; sourceTree = "<group>"; };
		7CCABC3267A1CEA26A40CF4E /* libPods-CleanArch.a */ = {isa = PBXFileReference; explicitFileType = archive.ar; includeInIndex = 0; path = "libPods-CleanArch.a"; sourceTree = BUILT_PRODUCTS_DIR; };
		D3089A99250B861700FBFD1B /* CleanArch.entitlements */ = {isa = PBXFileReference; lastKnownFileType = text.plist.entitlements; path = CleanArch.entitlements; sourceTree = "<group>"; };
		D3089A9A250B8A4700FBFD1B /* GoogleService-Info.plist */ = {isa = PBXFileReference; fileEncoding = 4; lastKnownFileType = text.plist.xml; path = "GoogleService-Info.plist"; sourceTree = "<group>"; };
		D3A57E6124C037FF00368EA1 /* CleanArch.app */ = {isa = PBXFileReference; explicitFileType = wrapper.application; includeInIndex = 0; path = CleanArch.app; sourceTree = BUILT_PRODUCTS_DIR; };
		D3A57E6424C037FF00368EA1 /* AppDelegate.swift */ = {isa = PBXFileReference; lastKnownFileType = sourcecode.swift; path = AppDelegate.swift; sourceTree = "<group>"; };
		D3A57E6824C037FF00368EA1 /* ViewController.swift */ = {isa = PBXFileReference; lastKnownFileType = sourcecode.swift; path = ViewController.swift; sourceTree = "<group>"; };
		D3A57E6B24C037FF00368EA1 /* Base */ = {isa = PBXFileReference; lastKnownFileType = file.storyboard; name = Base; path = Base.lproj/Main.storyboard; sourceTree = "<group>"; };
		D3A57E6D24C0380000368EA1 /* Assets.xcassets */ = {isa = PBXFileReference; lastKnownFileType = folder.assetcatalog; path = Assets.xcassets; sourceTree = "<group>"; };
		D3A57E7024C0380000368EA1 /* Base */ = {isa = PBXFileReference; lastKnownFileType = file.storyboard; name = Base; path = Base.lproj/LaunchScreen.storyboard; sourceTree = "<group>"; };
		D3A57E7224C0380000368EA1 /* Info.plist */ = {isa = PBXFileReference; lastKnownFileType = text.plist.xml; path = Info.plist; sourceTree = "<group>"; };
		D3ABCA2C24E14EDE00AE8C8A /* README.md */ = {isa = PBXFileReference; fileEncoding = 4; lastKnownFileType = net.daringfireball.markdown; path = README.md; sourceTree = SOURCE_ROOT; };
		F641347FF224C9835A1FC854 /* Pods-CleanArch.debug.xcconfig */ = {isa = PBXFileReference; includeInIndex = 1; lastKnownFileType = text.xcconfig; name = "Pods-CleanArch.debug.xcconfig"; path = "Target Support Files/Pods-CleanArch/Pods-CleanArch.debug.xcconfig"; sourceTree = "<group>"; };
/* End PBXFileReference section */

/* Begin PBXFrameworksBuildPhase section */
		D3A57E5E24C037FF00368EA1 /* Frameworks */ = {
			isa = PBXFrameworksBuildPhase;
			buildActionMask = 2147483647;
			files = (
				D9A5AD5891186EF8D170DC4E /* libPods-CleanArch.a in Frameworks */,
			);
			runOnlyForDeploymentPostprocessing = 0;
		};
/* End PBXFrameworksBuildPhase section */

/* Begin PBXGroup section */
		28231521021EE1EDE0555782 /* Pods */ = {
			isa = PBXGroup;
			children = (
				F641347FF224C9835A1FC854 /* Pods-CleanArch.debug.xcconfig */,
				43171471FD996601B796B406 /* Pods-CleanArch.release.xcconfig */,
			);
			path = Pods;
			sourceTree = "<group>";
		};
		4FD0AD5061C7FDE3997E2496 /* Frameworks */ = {
			isa = PBXGroup;
			children = (
				7CCABC3267A1CEA26A40CF4E /* libPods-CleanArch.a */,
			);
			name = Frameworks;
			sourceTree = "<group>";
		};
		D3A57E5824C037FF00368EA1 = {
			isa = PBXGroup;
			children = (
				D3ABCA2C24E14EDE00AE8C8A /* README.md */,
				D3A57E6324C037FF00368EA1 /* CleanArch */,
				D3A57E6224C037FF00368EA1 /* Products */,
				28231521021EE1EDE0555782 /* Pods */,
				4FD0AD5061C7FDE3997E2496 /* Frameworks */,
			);
			sourceTree = "<group>";
		};
		D3A57E6224C037FF00368EA1 /* Products */ = {
			isa = PBXGroup;
			children = (
				D3A57E6124C037FF00368EA1 /* CleanArch.app */,
			);
			name = Products;
			sourceTree = "<group>";
		};
		D3A57E6324C037FF00368EA1 /* CleanArch */ = {
			isa = PBXGroup;
			children = (
				D3089A99250B861700FBFD1B /* CleanArch.entitlements */,
				D3A57E6424C037FF00368EA1 /* AppDelegate.swift */,
				D3A57E6824C037FF00368EA1 /* ViewController.swift */,
				D3A57E6A24C037FF00368EA1 /* Main.storyboard */,
				D3A57E6D24C0380000368EA1 /* Assets.xcassets */,
				D3A57E6F24C0380000368EA1 /* LaunchScreen.storyboard */,
				D3A57E7224C0380000368EA1 /* Info.plist */,
				D3089A9A250B8A4700FBFD1B /* GoogleService-Info.plist */,
			);
			path = CleanArch;
			sourceTree = "<group>";
		};
/* End PBXGroup section */

/* Begin PBXNativeTarget section */
		D3A57E6024C037FF00368EA1 /* CleanArch */ = {
			isa = PBXNativeTarget;
			buildConfigurationList = D3A57E7524C0380000368EA1 /* Build configuration list for PBXNativeTarget "CleanArch" */;
			buildPhases = (
				734251883A5EDAC88642EFCB /* [CP] Check Pods Manifest.lock */,
				D3A57E5D24C037FF00368EA1 /* Sources */,
				D3A57E5E24C037FF00368EA1 /* Frameworks */,
				D3A57E5F24C037FF00368EA1 /* Resources */,
				D375E96C250BA9C300E2A8A2 /* SwiftLint */,
				D30499E4250F84A000AF7C71 /* Crashlytics */,
			);
			buildRules = (
			);
			dependencies = (
			);
			name = CleanArch;
			productName = CleanArch;
			productReference = D3A57E6124C037FF00368EA1 /* CleanArch.app */;
			productType = "com.apple.product-type.application";
		};
/* End PBXNativeTarget section */

/* Begin PBXProject section */
		D3A57E5924C037FF00368EA1 /* Project object */ = {
			isa = PBXProject;
			attributes = {
				LastSwiftUpdateCheck = 1200;
				LastUpgradeCheck = 1200;
				TargetAttributes = {
					D3A57E6024C037FF00368EA1 = {
						CreatedOnToolsVersion = 12.0;
					};
				};
			};
			buildConfigurationList = D3A57E5C24C037FF00368EA1 /* Build configuration list for PBXProject "CleanArch" */;
			compatibilityVersion = "Xcode 9.3";
			developmentRegion = en;
			hasScannedForEncodings = 0;
			knownRegions = (
				en,
				Base,
			);
			mainGroup = D3A57E5824C037FF00368EA1;
			productRefGroup = D3A57E6224C037FF00368EA1 /* Products */;
			projectDirPath = "";
			projectRoot = "";
			targets = (
				D3A57E6024C037FF00368EA1 /* CleanArch */,
			);
		};
/* End PBXProject section */

/* Begin PBXResourcesBuildPhase section */
		D3A57E5F24C037FF00368EA1 /* Resources */ = {
			isa = PBXResourcesBuildPhase;
			buildActionMask = 2147483647;
			files = (
				D3A57E7124C0380000368EA1 /* LaunchScreen.storyboard in Resources */,
				D3A57E6E24C0380000368EA1 /* Assets.xcassets in Resources */,
				D3089A9B250B8A4700FBFD1B /* GoogleService-Info.plist in Resources */,
				D3ABCA2D24E14EDE00AE8C8A /* README.md in Resources */,
				D3A57E6C24C037FF00368EA1 /* Main.storyboard in Resources */,
			);
			runOnlyForDeploymentPostprocessing = 0;
		};
/* End PBXResourcesBuildPhase section */

/* Begin PBXShellScriptBuildPhase section */
		734251883A5EDAC88642EFCB /* [CP] Check Pods Manifest.lock */ = {
			isa = PBXShellScriptBuildPhase;
			buildActionMask = 2147483647;
			files = (
			);
			inputFileListPaths = (
			);
			inputPaths = (
				"${PODS_PODFILE_DIR_PATH}/Podfile.lock",
				"${PODS_ROOT}/Manifest.lock",
			);
			name = "[CP] Check Pods Manifest.lock";
			outputFileListPaths = (
			);
			outputPaths = (
				"$(DERIVED_FILE_DIR)/Pods-CleanArch-checkManifestLockResult.txt",
			);
			runOnlyForDeploymentPostprocessing = 0;
			shellPath = /bin/sh;
			shellScript = "diff \"${PODS_PODFILE_DIR_PATH}/Podfile.lock\" \"${PODS_ROOT}/Manifest.lock\" > /dev/null\nif [ $? != 0 ] ; then\n    # print error to STDERR\n    echo \"error: The sandbox is not in sync with the Podfile.lock. Run 'pod install' or update your CocoaPods installation.\" >&2\n    exit 1\nfi\n# This output is used by Xcode 'outputs' to avoid re-running this script phase.\necho \"SUCCESS\" > \"${SCRIPT_OUTPUT_FILE_0}\"\n";
			showEnvVarsInLog = 0;
		};
		D30499E4250F84A000AF7C71 /* Crashlytics */ = {
			isa = PBXShellScriptBuildPhase;
			buildActionMask = 2147483647;
			files = (
			);
			inputFileListPaths = (
			);
			inputPaths = (
			);
			name = Crashlytics;
			outputFileListPaths = (
			);
			outputPaths = (
			);
			runOnlyForDeploymentPostprocessing = 0;
			shellPath = /bin/sh;
			shellScript = "\"${PODS_ROOT}/FirebaseCrashlytics/run\"\n";
		};
		D375E96C250BA9C300E2A8A2 /* SwiftLint */ = {
			isa = PBXShellScriptBuildPhase;
			buildActionMask = 2147483647;
			files = (
			);
			inputFileListPaths = (
			);
			inputPaths = (
			);
			name = SwiftLint;
			outputFileListPaths = (
			);
			outputPaths = (
			);
			runOnlyForDeploymentPostprocessing = 0;
			shellPath = /bin/sh;
			shellScript = "\"${PODS_ROOT}/SwiftLint/swiftlint\"\n";
		};
/* End PBXShellScriptBuildPhase section */

/* Begin PBXSourcesBuildPhase section */
		D3A57E5D24C037FF00368EA1 /* Sources */ = {
			isa = PBXSourcesBuildPhase;
			buildActionMask = 2147483647;
			files = (
				D3A57E6924C037FF00368EA1 /* ViewController.swift in Sources */,
				D3A57E6524C037FF00368EA1 /* AppDelegate.swift in Sources */,
			);
			runOnlyForDeploymentPostprocessing = 0;
		};
/* End PBXSourcesBuildPhase section */

/* Begin PBXVariantGroup section */
		D3A57E6A24C037FF00368EA1 /* Main.storyboard */ = {
			isa = PBXVariantGroup;
			children = (
				D3A57E6B24C037FF00368EA1 /* Base */,
			);
			name = Main.storyboard;
			sourceTree = "<group>";
		};
		D3A57E6F24C0380000368EA1 /* LaunchScreen.storyboard */ = {
			isa = PBXVariantGroup;
			children = (
				D3A57E7024C0380000368EA1 /* Base */,
			);
			name = LaunchScreen.storyboard;
			sourceTree = "<group>";
		};
/* End PBXVariantGroup section */

/* Begin XCBuildConfiguration section */
		D3A57E7324C0380000368EA1 /* Debug */ = {
			isa = XCBuildConfiguration;
			buildSettings = {
				ALWAYS_SEARCH_USER_PATHS = NO;
				CLANG_ANALYZER_NONNULL = YES;
				CLANG_ANALYZER_NUMBER_OBJECT_CONVERSION = YES_AGGRESSIVE;
				CLANG_CXX_LANGUAGE_STANDARD = "gnu++14";
				CLANG_CXX_LIBRARY = "libc++";
				CLANG_ENABLE_MODULES = YES;
				CLANG_ENABLE_OBJC_ARC = YES;
				CLANG_ENABLE_OBJC_WEAK = YES;
				CLANG_WARN_BLOCK_CAPTURE_AUTORELEASING = YES;
				CLANG_WARN_BOOL_CONVERSION = YES;
				CLANG_WARN_COMMA = YES;
				CLANG_WARN_CONSTANT_CONVERSION = YES;
				CLANG_WARN_DEPRECATED_OBJC_IMPLEMENTATIONS = YES;
				CLANG_WARN_DIRECT_OBJC_ISA_USAGE = YES_ERROR;
				CLANG_WARN_DOCUMENTATION_COMMENTS = YES;
				CLANG_WARN_EMPTY_BODY = YES;
				CLANG_WARN_ENUM_CONVERSION = YES;
				CLANG_WARN_INFINITE_RECURSION = YES;
				CLANG_WARN_INT_CONVERSION = YES;
				CLANG_WARN_NON_LITERAL_NULL_CONVERSION = YES;
				CLANG_WARN_OBJC_IMPLICIT_RETAIN_SELF = YES;
				CLANG_WARN_OBJC_LITERAL_CONVERSION = YES;
				CLANG_WARN_OBJC_ROOT_CLASS = YES_ERROR;
				CLANG_WARN_QUOTED_INCLUDE_IN_FRAMEWORK_HEADER = YES;
				CLANG_WARN_RANGE_LOOP_ANALYSIS = YES;
				CLANG_WARN_STRICT_PROTOTYPES = YES;
				CLANG_WARN_SUSPICIOUS_MOVE = YES;
				CLANG_WARN_UNGUARDED_AVAILABILITY = YES_AGGRESSIVE;
				CLANG_WARN_UNREACHABLE_CODE = YES;
				CLANG_WARN__DUPLICATE_METHOD_MATCH = YES;
				COPY_PHASE_STRIP = NO;
				ENABLE_STRICT_OBJC_MSGSEND = YES;
				ENABLE_TESTABILITY = YES;
				GCC_C_LANGUAGE_STANDARD = gnu11;
				GCC_DYNAMIC_NO_PIC = NO;
				GCC_NO_COMMON_BLOCKS = YES;
				GCC_OPTIMIZATION_LEVEL = 0;
				GCC_PREPROCESSOR_DEFINITIONS = (
					"DEBUG=1",
					"$(inherited)",
				);
				GCC_WARN_64_TO_32_BIT_CONVERSION = YES;
				GCC_WARN_ABOUT_RETURN_TYPE = YES_ERROR;
				GCC_WARN_UNDECLARED_SELECTOR = YES;
				GCC_WARN_UNINITIALIZED_AUTOS = YES_AGGRESSIVE;
				GCC_WARN_UNUSED_FUNCTION = YES;
				GCC_WARN_UNUSED_VARIABLE = YES;
				IPHONEOS_DEPLOYMENT_TARGET = 12.0;
				MARKETING_VERSION = 1.0;
				MTL_ENABLE_DEBUG_INFO = INCLUDE_SOURCE;
				MTL_FAST_MATH = YES;
				ONLY_ACTIVE_ARCH = YES;
				SDKROOT = iphoneos;
				SWIFT_ACTIVE_COMPILATION_CONDITIONS = DEBUG;
				SWIFT_OPTIMIZATION_LEVEL = "-Onone";
			};
			name = Debug;
		};
		D3A57E7424C0380000368EA1 /* Release */ = {
			isa = XCBuildConfiguration;
			buildSettings = {
				ALWAYS_SEARCH_USER_PATHS = NO;
				CLANG_ANALYZER_NONNULL = YES;
				CLANG_ANALYZER_NUMBER_OBJECT_CONVERSION = YES_AGGRESSIVE;
				CLANG_CXX_LANGUAGE_STANDARD = "gnu++14";
				CLANG_CXX_LIBRARY = "libc++";
				CLANG_ENABLE_MODULES = YES;
				CLANG_ENABLE_OBJC_ARC = YES;
				CLANG_ENABLE_OBJC_WEAK = YES;
				CLANG_WARN_BLOCK_CAPTURE_AUTORELEASING = YES;
				CLANG_WARN_BOOL_CONVERSION = YES;
				CLANG_WARN_COMMA = YES;
				CLANG_WARN_CONSTANT_CONVERSION = YES;
				CLANG_WARN_DEPRECATED_OBJC_IMPLEMENTATIONS = YES;
				CLANG_WARN_DIRECT_OBJC_ISA_USAGE = YES_ERROR;
				CLANG_WARN_DOCUMENTATION_COMMENTS = YES;
				CLANG_WARN_EMPTY_BODY = YES;
				CLANG_WARN_ENUM_CONVERSION = YES;
				CLANG_WARN_INFINITE_RECURSION = YES;
				CLANG_WARN_INT_CONVERSION = YES;
				CLANG_WARN_NON_LITERAL_NULL_CONVERSION = YES;
				CLANG_WARN_OBJC_IMPLICIT_RETAIN_SELF = YES;
				CLANG_WARN_OBJC_LITERAL_CONVERSION = YES;
				CLANG_WARN_OBJC_ROOT_CLASS = YES_ERROR;
				CLANG_WARN_QUOTED_INCLUDE_IN_FRAMEWORK_HEADER = YES;
				CLANG_WARN_RANGE_LOOP_ANALYSIS = YES;
				CLANG_WARN_STRICT_PROTOTYPES = YES;
				CLANG_WARN_SUSPICIOUS_MOVE = YES;
				CLANG_WARN_UNGUARDED_AVAILABILITY = YES_AGGRESSIVE;
				CLANG_WARN_UNREACHABLE_CODE = YES;
				CLANG_WARN__DUPLICATE_METHOD_MATCH = YES;
				COPY_PHASE_STRIP = NO;
				ENABLE_NS_ASSERTIONS = NO;
				ENABLE_STRICT_OBJC_MSGSEND = YES;
				GCC_C_LANGUAGE_STANDARD = gnu11;
				GCC_NO_COMMON_BLOCKS = YES;
				GCC_WARN_64_TO_32_BIT_CONVERSION = YES;
				GCC_WARN_ABOUT_RETURN_TYPE = YES_ERROR;
				GCC_WARN_UNDECLARED_SELECTOR = YES;
				GCC_WARN_UNINITIALIZED_AUTOS = YES_AGGRESSIVE;
				GCC_WARN_UNUSED_FUNCTION = YES;
				GCC_WARN_UNUSED_VARIABLE = YES;
				IPHONEOS_DEPLOYMENT_TARGET = 12.0;
				MARKETING_VERSION = 1.0;
				MTL_ENABLE_DEBUG_INFO = NO;
				MTL_FAST_MATH = YES;
				SDKROOT = iphoneos;
				SWIFT_COMPILATION_MODE = wholemodule;
				SWIFT_OPTIMIZATION_LEVEL = "-O";
				VALIDATE_PRODUCT = YES;
			};
			name = Release;
		};
		D3A57E7624C0380000368EA1 /* Debug */ = {
			isa = XCBuildConfiguration;
			baseConfigurationReference = F641347FF224C9835A1FC854 /* Pods-CleanArch.debug.xcconfig */;
			buildSettings = {
				ASSETCATALOG_COMPILER_APPICON_NAME = AppIcon;
				ASSETCATALOG_COMPILER_GLOBAL_ACCENT_COLOR_NAME = AccentColor;
				CODE_SIGN_ENTITLEMENTS = CleanArch/CleanArch.entitlements;
				CODE_SIGN_STYLE = Automatic;
				CURRENT_PROJECT_VERSION = 1;
				DEVELOPMENT_TEAM = LRE923483J;
				INFOPLIST_FILE = CleanArch/Info.plist;
				LD_RUNPATH_SEARCH_PATHS = (
					"$(inherited)",
					"@executable_path/Frameworks",
				);
				PRODUCT_BUNDLE_IDENTIFIER = es.laura.CleanArch;
				PRODUCT_NAME = "$(TARGET_NAME)";
				SWIFT_VERSION = 5.0;
				TARGETED_DEVICE_FAMILY = 1;
			};
			name = Debug;
		};
		D3A57E7724C0380000368EA1 /* Release */ = {
			isa = XCBuildConfiguration;
			baseConfigurationReference = 43171471FD996601B796B406 /* Pods-CleanArch.release.xcconfig */;
			buildSettings = {
				ASSETCATALOG_COMPILER_APPICON_NAME = AppIcon;
				ASSETCATALOG_COMPILER_GLOBAL_ACCENT_COLOR_NAME = AccentColor;
				CODE_SIGN_ENTITLEMENTS = CleanArch/CleanArch.entitlements;
				CODE_SIGN_STYLE = Automatic;
				CURRENT_PROJECT_VERSION = 1;
				DEVELOPMENT_TEAM = LRE923483J;
				INFOPLIST_FILE = CleanArch/Info.plist;
				LD_RUNPATH_SEARCH_PATHS = (
					"$(inherited)",
					"@executable_path/Frameworks",
				);
				PRODUCT_BUNDLE_IDENTIFIER = es.laura.CleanArch;
				PRODUCT_NAME = "$(TARGET_NAME)";
				SWIFT_VERSION = 5.0;
				TARGETED_DEVICE_FAMILY = 1;
			};
			name = Release;
		};
/* End XCBuildConfiguration section */

/* Begin XCConfigurationList section */
		D3A57E5C24C037FF00368EA1 /* Build configuration list for PBXProject "CleanArch" */ = {
			isa = XCConfigurationList;
			buildConfigurations = (
				D3A57E7324C0380000368EA1 /* Debug */,
				D3A57E7424C0380000368EA1 /* Release */,
			);
			defaultConfigurationIsVisible = 0;
			defaultConfigurationName = Release;
		};
		D3A57E7524C0380000368EA1 /* Build configuration list for PBXNativeTarget "CleanArch" */ = {
			isa = XCConfigurationList;
			buildConfigurations = (
				D3A57E7624C0380000368EA1 /* Debug */,
				D3A57E7724C0380000368EA1 /* Release */,
			);
			defaultConfigurationIsVisible = 0;
			defaultConfigurationName = Release;
		};
/* End XCConfigurationList section */
	};
	rootObject = D3A57E5924C037FF00368EA1 /* Project object */;
}
