// !$*UTF8*$!
{
	archiveVersion = 1;
	classes = {
	};
	objectVersion = 53;
	objects = {

/* Begin PBXBuildFile section */
		00FAD1413E1A6432C7C011B8 /* ListPresenter.swift in Sources */ = {isa = PBXBuildFile; fileRef = 7D9CA77CD81E9277A9A1AC0B /* ListPresenter.swift */; };
		03408A75427B9527C5CEB8CC /* SettingsPresenter.swift in Sources */ = {isa = PBXBuildFile; fileRef = 8A80D2C74D639C9ACD6028F4 /* SettingsPresenter.swift */; };
		2C943111C8B3A0972B947CEF /* MainAssembly.swift in Sources */ = {isa = PBXBuildFile; fileRef = 28B7DD7DC58D0BFD5DA1F930 /* MainAssembly.swift */; };
		355971E50078C41D9C51CC9C /* MainViewController.swift in Sources */ = {isa = PBXBuildFile; fileRef = 2A79F6EA304F9FEDE45F8964 /* MainViewController.swift */; };
		3789A6E59FB9505B2C9DEFF2 /* MainInteractor.swift in Sources */ = {isa = PBXBuildFile; fileRef = F539E15C728BF5CCF26B2AF6 /* MainInteractor.swift */; };
		87CC1C83D9346D321BC6D595 /* MainPresenter.swift in Sources */ = {isa = PBXBuildFile; fileRef = A692F5C15AAB6F64B91A134C /* MainPresenter.swift */; };
		94ED68419236D7B76974F11A /* SettingsInteractor.swift in Sources */ = {isa = PBXBuildFile; fileRef = 33506F318502330B65D48B23 /* SettingsInteractor.swift */; };
		9CF5B40A373B1958DFBDEC73 /* ListInteractor.swift in Sources */ = {isa = PBXBuildFile; fileRef = F886F39FCAADC614939EAE09 /* ListInteractor.swift */; };
		A7777CF62C6FCF1E158E6FD2 /* ListViewController.swift in Sources */ = {isa = PBXBuildFile; fileRef = C1C90C2D9AB17DD2532B6D35 /* ListViewController.swift */; };
		B6069DA4EE30E064D8155378 /* SettingsWireframe.swift in Sources */ = {isa = PBXBuildFile; fileRef = B1DC0D7CF6D5D125C4B55769 /* SettingsWireframe.swift */; };
		BB29FF06DCB0FE2F7ECB6963 /* ListWireframe.swift in Sources */ = {isa = PBXBuildFile; fileRef = D20933CF5D783E2EBE45EB65 /* ListWireframe.swift */; };
		D3089900250FA15400C1F151 /* Repository.swift in Sources */ = {isa = PBXBuildFile; fileRef = D30898F4250FA15400C1F151 /* Repository.swift */; };
		D308998B250FA9E700C1F151 /* NetworkClientConstants.swift in Sources */ = {isa = PBXBuildFile; fileRef = D308998A250FA9E700C1F151 /* NetworkClientConstants.swift */; };
		D310745625750B8C004A11A6 /* SnapKit in Frameworks */ = {isa = PBXBuildFile; productRef = D310745525750B8C004A11A6 /* SnapKit */; };
		D3178585253D78BE00FF1F22 /* ListItem.swift in Sources */ = {isa = PBXBuildFile; fileRef = D3178584253D78BE00FF1F22 /* ListItem.swift */; };
		D32AC4B62554001400A2B8E1 /* TransformType+List.swift in Sources */ = {isa = PBXBuildFile; fileRef = D32AC4B52554001400A2B8E1 /* TransformType+List.swift */; };
		D32AC4BA25540DB700A2B8E1 /* DateTransformable.swift in Sources */ = {isa = PBXBuildFile; fileRef = D32AC4B925540DB700A2B8E1 /* DateTransformable.swift */; };
		D32E7BB42552B72800AA4EDD /* Repository+ListItems.swift in Sources */ = {isa = PBXBuildFile; fileRef = D32E7BB32552B72800AA4EDD /* Repository+ListItems.swift */; };
		D32E7BD52552BA3300AA4EDD /* Endpoint.swift in Sources */ = {isa = PBXBuildFile; fileRef = D32E7BD12552BA3200AA4EDD /* Endpoint.swift */; };
		D32E7BD62552BA3300AA4EDD /* ListItemsEndpoint.swift in Sources */ = {isa = PBXBuildFile; fileRef = D32E7BD32552BA3200AA4EDD /* ListItemsEndpoint.swift */; };
		D32E7BDB2552BA3B00AA4EDD /* ListItemsResponse.swift in Sources */ = {isa = PBXBuildFile; fileRef = D32E7BDA2552BA3B00AA4EDD /* ListItemsResponse.swift */; };
		D32E7BDF2552C2E700AA4EDD /* String+Transform.swift in Sources */ = {isa = PBXBuildFile; fileRef = D32E7BDE2552C2E700AA4EDD /* String+Transform.swift */; };
		D33279EC2510D2A100C9D206 /* TabbedProtocol.swift in Sources */ = {isa = PBXBuildFile; fileRef = D33279EB2510D2A100C9D206 /* TabbedProtocol.swift */; };
		D33279EE2510D5B000C9D206 /* ListNavigationController.swift in Sources */ = {isa = PBXBuildFile; fileRef = D33279ED2510D5B000C9D206 /* ListNavigationController.swift */; };
		D33279FB2510D80B00C9D206 /* Localizable.strings in Resources */ = {isa = PBXBuildFile; fileRef = D33279F22510D80A00C9D206 /* Localizable.strings */; };
		D3327A052510F19000C9D206 /* Strings.swift in Sources */ = {isa = PBXBuildFile; fileRef = D3327A032510F19000C9D206 /* Strings.swift */; };
		D3327A062510F19000C9D206 /* Assets.swift in Sources */ = {isa = PBXBuildFile; fileRef = D3327A042510F19000C9D206 /* Assets.swift */; };
		D3327A0C2510F2CD00C9D206 /* String+Localized.swift in Sources */ = {isa = PBXBuildFile; fileRef = D3327A0A2510F2CD00C9D206 /* String+Localized.swift */; };
		D3327A14251102F700C9D206 /* SettingsNavigationController.swift in Sources */ = {isa = PBXBuildFile; fileRef = D3327A13251102F700C9D206 /* SettingsNavigationController.swift */; };
		D3327A172511031A00C9D206 /* SettingsViewController.swift in Sources */ = {isa = PBXBuildFile; fileRef = D3327A152511031A00C9D206 /* SettingsViewController.swift */; };
		D351B1AB2536F8B100B32FAB /* GoogleService-Info.plist in Resources */ = {isa = PBXBuildFile; fileRef = D351B1AA2536F8B100B32FAB /* GoogleService-Info.plist */; };
		D35B3174251354F500D76A99 /* Repository+Push.swift in Sources */ = {isa = PBXBuildFile; fileRef = D35B3173251354F500D76A99 /* Repository+Push.swift */; };
		D35E3C782577C34C003DB58C /* FirebaseAnalytics in Frameworks */ = {isa = PBXBuildFile; productRef = D35E3C772577C34C003DB58C /* FirebaseAnalytics */; };
		D35E3C7A2577C34C003DB58C /* FirebaseMessaging in Frameworks */ = {isa = PBXBuildFile; productRef = D35E3C792577C34C003DB58C /* FirebaseMessaging */; };
		D35E3C7C2577C34C003DB58C /* FirebaseCrashlytics in Frameworks */ = {isa = PBXBuildFile; productRef = D35E3C7B2577C34C003DB58C /* FirebaseCrashlytics */; };
		D35FBBFD2539D19D00294CE4 /* BaseNavigationController.swift in Sources */ = {isa = PBXBuildFile; fileRef = D35FBBFC2539D19D00294CE4 /* BaseNavigationController.swift */; };
		D35FBC022539D97B00294CE4 /* ListCell.swift in Sources */ = {isa = PBXBuildFile; fileRef = D35FBC012539D97B00294CE4 /* ListCell.swift */; };
		D35FBC472539E2D900294CE4 /* ListDataManager.swift in Sources */ = {isa = PBXBuildFile; fileRef = D35FBC462539E2D900294CE4 /* ListDataManager.swift */; };
		D373FBD225750ED100E25BFD /* Realm in Frameworks */ = {isa = PBXBuildFile; productRef = D373FBD125750ED100E25BFD /* Realm */; };
		D373FBD425750ED100E25BFD /* RealmSwift in Frameworks */ = {isa = PBXBuildFile; productRef = D373FBD325750ED100E25BFD /* RealmSwift */; };
		D373FBE1257513E400E25BFD /* Reusable in Frameworks */ = {isa = PBXBuildFile; productRef = D373FBE0257513E400E25BFD /* Reusable */; };
		D3880E622574FD690046000A /* Alamofire in Frameworks */ = {isa = PBXBuildFile; productRef = D3880E612574FD690046000A /* Alamofire */; };
		D3880E66257503C30046000A /* ObjectMapper in Frameworks */ = {isa = PBXBuildFile; productRef = D3880E65257503C30046000A /* ObjectMapper */; };
		D38E8C4A2574F1FC00C18BB2 /* RxSwift in Frameworks */ = {isa = PBXBuildFile; productRef = D38E8C492574F1FC00C18BB2 /* RxSwift */; };
		D38E8C4C2574F1FC00C18BB2 /* RxCocoa in Frameworks */ = {isa = PBXBuildFile; productRef = D38E8C4B2574F1FC00C18BB2 /* RxCocoa */; };
		D39ACF5425383B88008A70CF /* ListSnapView.swift in Sources */ = {isa = PBXBuildFile; fileRef = D39ACF5325383B88008A70CF /* ListSnapView.swift */; };
		D3A57E6524C037FF00368EA1 /* AppDelegate.swift in Sources */ = {isa = PBXBuildFile; fileRef = D3A57E6424C037FF00368EA1 /* AppDelegate.swift */; };
		D3AA2F58250FAECB00A51E9B /* NetworkClient.swift in Sources */ = {isa = PBXBuildFile; fileRef = D3AA2F4E250FAECB00A51E9B /* NetworkClient.swift */; };
		D3C0784D253874730076250E /* SettingsSnapView.swift in Sources */ = {isa = PBXBuildFile; fileRef = D3C0784C253874730076250E /* SettingsSnapView.swift */; };
		D3D4B6F72512111A00F9B234 /* Images.xcassets in Resources */ = {isa = PBXBuildFile; fileRef = D3D4B6F22512111A00F9B234 /* Images.xcassets */; };
		D3D4B6F92512111A00F9B234 /* Colors.xcassets in Resources */ = {isa = PBXBuildFile; fileRef = D3D4B6F62512111A00F9B234 /* Colors.xcassets */; };
		D3D4B6FE2512114A00F9B234 /* LaunchScreen.storyboard in Resources */ = {isa = PBXBuildFile; fileRef = D3D4B6FB2512114A00F9B234 /* LaunchScreen.storyboard */; };
		D3FFEA2D2539971300790BFB /* SceneDelegate.swift in Sources */ = {isa = PBXBuildFile; fileRef = D3FFEA2C2539971300790BFB /* SceneDelegate.swift */; };
		E00B95D7A4878B6D1B371675 /* ListAssembly.swift in Sources */ = {isa = PBXBuildFile; fileRef = 88D3728B116853BD5159D140 /* ListAssembly.swift */; };
		FEC282C61EDE0898AD261C71 /* MainWireframe.swift in Sources */ = {isa = PBXBuildFile; fileRef = 5DBBC2EE2971679B8A5BC272 /* MainWireframe.swift */; };
		FED51BB4D269663A9A579804 /* SettingsAssembly.swift in Sources */ = {isa = PBXBuildFile; fileRef = 6C659F4BD5CCC36ECBE4CDBB /* SettingsAssembly.swift */; };
/* End PBXBuildFile section */

/* Begin PBXFileReference section */
		28B7DD7DC58D0BFD5DA1F930 /* MainAssembly.swift */ = {isa = PBXFileReference; includeInIndex = 1; lastKnownFileType = sourcecode.swift; path = MainAssembly.swift; sourceTree = "<group>"; };
		2A79F6EA304F9FEDE45F8964 /* MainViewController.swift */ = {isa = PBXFileReference; includeInIndex = 1; lastKnownFileType = sourcecode.swift; path = MainViewController.swift; sourceTree = "<group>"; };
		33506F318502330B65D48B23 /* SettingsInteractor.swift */ = {isa = PBXFileReference; includeInIndex = 1; lastKnownFileType = sourcecode.swift; path = SettingsInteractor.swift; sourceTree = "<group>"; };
		5DBBC2EE2971679B8A5BC272 /* MainWireframe.swift */ = {isa = PBXFileReference; includeInIndex = 1; lastKnownFileType = sourcecode.swift; path = MainWireframe.swift; sourceTree = "<group>"; };
		6C659F4BD5CCC36ECBE4CDBB /* SettingsAssembly.swift */ = {isa = PBXFileReference; includeInIndex = 1; lastKnownFileType = sourcecode.swift; path = SettingsAssembly.swift; sourceTree = "<group>"; };
		7D9CA77CD81E9277A9A1AC0B /* ListPresenter.swift */ = {isa = PBXFileReference; includeInIndex = 1; lastKnownFileType = sourcecode.swift; path = ListPresenter.swift; sourceTree = "<group>"; };
		88D3728B116853BD5159D140 /* ListAssembly.swift */ = {isa = PBXFileReference; includeInIndex = 1; lastKnownFileType = sourcecode.swift; path = ListAssembly.swift; sourceTree = "<group>"; };
		8A80D2C74D639C9ACD6028F4 /* SettingsPresenter.swift */ = {isa = PBXFileReference; includeInIndex = 1; lastKnownFileType = sourcecode.swift; path = SettingsPresenter.swift; sourceTree = "<group>"; };
		A692F5C15AAB6F64B91A134C /* MainPresenter.swift */ = {isa = PBXFileReference; includeInIndex = 1; lastKnownFileType = sourcecode.swift; path = MainPresenter.swift; sourceTree = "<group>"; };
		B1DC0D7CF6D5D125C4B55769 /* SettingsWireframe.swift */ = {isa = PBXFileReference; includeInIndex = 1; lastKnownFileType = sourcecode.swift; path = SettingsWireframe.swift; sourceTree = "<group>"; };
		C1C90C2D9AB17DD2532B6D35 /* ListViewController.swift */ = {isa = PBXFileReference; includeInIndex = 1; lastKnownFileType = sourcecode.swift; path = ListViewController.swift; sourceTree = "<group>"; };
		D20933CF5D783E2EBE45EB65 /* ListWireframe.swift */ = {isa = PBXFileReference; includeInIndex = 1; lastKnownFileType = sourcecode.swift; path = ListWireframe.swift; sourceTree = "<group>"; };
		D30898F4250FA15400C1F151 /* Repository.swift */ = {isa = PBXFileReference; fileEncoding = 4; lastKnownFileType = sourcecode.swift; path = Repository.swift; sourceTree = "<group>"; };
		D308998A250FA9E700C1F151 /* NetworkClientConstants.swift */ = {isa = PBXFileReference; fileEncoding = 4; lastKnownFileType = sourcecode.swift; path = NetworkClientConstants.swift; sourceTree = "<group>"; };
		D3178584253D78BE00FF1F22 /* ListItem.swift */ = {isa = PBXFileReference; lastKnownFileType = sourcecode.swift; path = ListItem.swift; sourceTree = "<group>"; };
		D32AC4B52554001400A2B8E1 /* TransformType+List.swift */ = {isa = PBXFileReference; fileEncoding = 4; lastKnownFileType = sourcecode.swift; path = "TransformType+List.swift"; sourceTree = "<group>"; };
		D32AC4B925540DB700A2B8E1 /* DateTransformable.swift */ = {isa = PBXFileReference; fileEncoding = 4; lastKnownFileType = sourcecode.swift; path = DateTransformable.swift; sourceTree = "<group>"; };
		D32E7BB32552B72800AA4EDD /* Repository+ListItems.swift */ = {isa = PBXFileReference; lastKnownFileType = sourcecode.swift; path = "Repository+ListItems.swift"; sourceTree = "<group>"; };
		D32E7BD12552BA3200AA4EDD /* Endpoint.swift */ = {isa = PBXFileReference; fileEncoding = 4; lastKnownFileType = sourcecode.swift; path = Endpoint.swift; sourceTree = "<group>"; };
		D32E7BD32552BA3200AA4EDD /* ListItemsEndpoint.swift */ = {isa = PBXFileReference; fileEncoding = 4; lastKnownFileType = sourcecode.swift; path = ListItemsEndpoint.swift; sourceTree = "<group>"; };
		D32E7BDA2552BA3B00AA4EDD /* ListItemsResponse.swift */ = {isa = PBXFileReference; fileEncoding = 4; lastKnownFileType = sourcecode.swift; path = ListItemsResponse.swift; sourceTree = "<group>"; };
		D32E7BDE2552C2E700AA4EDD /* String+Transform.swift */ = {isa = PBXFileReference; fileEncoding = 4; lastKnownFileType = sourcecode.swift; path = "String+Transform.swift"; sourceTree = "<group>"; };
		D33279EB2510D2A100C9D206 /* TabbedProtocol.swift */ = {isa = PBXFileReference; fileEncoding = 4; lastKnownFileType = sourcecode.swift; path = TabbedProtocol.swift; sourceTree = "<group>"; };
		D33279ED2510D5B000C9D206 /* ListNavigationController.swift */ = {isa = PBXFileReference; lastKnownFileType = sourcecode.swift; path = ListNavigationController.swift; sourceTree = "<group>"; };
		D33279F52510D80A00C9D206 /* en */ = {isa = PBXFileReference; lastKnownFileType = text.plist.strings; name = en; path = en.lproj/Localizable.strings; sourceTree = "<group>"; };
		D33279F62510D80A00C9D206 /* es */ = {isa = PBXFileReference; lastKnownFileType = text.plist.strings; name = es; path = es.lproj/Localizable.strings; sourceTree = "<group>"; };
		D3327A032510F19000C9D206 /* Strings.swift */ = {isa = PBXFileReference; fileEncoding = 4; lastKnownFileType = sourcecode.swift; path = Strings.swift; sourceTree = "<group>"; };
		D3327A042510F19000C9D206 /* Assets.swift */ = {isa = PBXFileReference; fileEncoding = 4; lastKnownFileType = sourcecode.swift; path = Assets.swift; sourceTree = "<group>"; };
		D3327A0A2510F2CD00C9D206 /* String+Localized.swift */ = {isa = PBXFileReference; fileEncoding = 4; lastKnownFileType = sourcecode.swift; path = "String+Localized.swift"; sourceTree = "<group>"; };
		D3327A13251102F700C9D206 /* SettingsNavigationController.swift */ = {isa = PBXFileReference; lastKnownFileType = sourcecode.swift; path = SettingsNavigationController.swift; sourceTree = "<group>"; };
		D3327A152511031A00C9D206 /* SettingsViewController.swift */ = {isa = PBXFileReference; lastKnownFileType = sourcecode.swift; path = SettingsViewController.swift; sourceTree = "<group>"; };
		D351B1AA2536F8B100B32FAB /* GoogleService-Info.plist */ = {isa = PBXFileReference; fileEncoding = 4; lastKnownFileType = text.plist.xml; path = "GoogleService-Info.plist"; sourceTree = "<group>"; };
		D35B3173251354F500D76A99 /* Repository+Push.swift */ = {isa = PBXFileReference; lastKnownFileType = sourcecode.swift; path = "Repository+Push.swift"; sourceTree = "<group>"; };
		D35FBBFC2539D19D00294CE4 /* BaseNavigationController.swift */ = {isa = PBXFileReference; lastKnownFileType = sourcecode.swift; path = BaseNavigationController.swift; sourceTree = "<group>"; };
		D35FBC012539D97B00294CE4 /* ListCell.swift */ = {isa = PBXFileReference; lastKnownFileType = sourcecode.swift; path = ListCell.swift; sourceTree = "<group>"; };
		D35FBC462539E2D900294CE4 /* ListDataManager.swift */ = {isa = PBXFileReference; lastKnownFileType = sourcecode.swift; path = ListDataManager.swift; sourceTree = "<group>"; };
		D39ACF5325383B88008A70CF /* ListSnapView.swift */ = {isa = PBXFileReference; lastKnownFileType = sourcecode.swift; path = ListSnapView.swift; sourceTree = "<group>"; };
		D3A57E6124C037FF00368EA1 /* CleanArch.app */ = {isa = PBXFileReference; explicitFileType = wrapper.application; includeInIndex = 0; path = CleanArch.app; sourceTree = BUILT_PRODUCTS_DIR; };
		D3A57E6424C037FF00368EA1 /* AppDelegate.swift */ = {isa = PBXFileReference; lastKnownFileType = sourcecode.swift; path = AppDelegate.swift; sourceTree = "<group>"; };
		D3AA2F4E250FAECB00A51E9B /* NetworkClient.swift */ = {isa = PBXFileReference; fileEncoding = 4; lastKnownFileType = sourcecode.swift; path = NetworkClient.swift; sourceTree = "<group>"; };
		D3ABCA2C24E14EDE00AE8C8A /* README.md */ = {isa = PBXFileReference; fileEncoding = 4; lastKnownFileType = net.daringfireball.markdown; path = README.md; sourceTree = SOURCE_ROOT; };
		D3C0784C253874730076250E /* SettingsSnapView.swift */ = {isa = PBXFileReference; lastKnownFileType = sourcecode.swift; path = SettingsSnapView.swift; sourceTree = "<group>"; };
		D3D4B6F22512111A00F9B234 /* Images.xcassets */ = {isa = PBXFileReference; lastKnownFileType = folder.assetcatalog; path = Images.xcassets; sourceTree = "<group>"; };
		D3D4B6F62512111A00F9B234 /* Colors.xcassets */ = {isa = PBXFileReference; lastKnownFileType = folder.assetcatalog; path = Colors.xcassets; sourceTree = "<group>"; };
		D3D4B6FB2512114A00F9B234 /* LaunchScreen.storyboard */ = {isa = PBXFileReference; fileEncoding = 4; lastKnownFileType = file.storyboard; path = LaunchScreen.storyboard; sourceTree = "<group>"; };
		D3D4B6FC2512114A00F9B234 /* CleanArch.entitlements */ = {isa = PBXFileReference; fileEncoding = 4; lastKnownFileType = text.plist.entitlements; path = CleanArch.entitlements; sourceTree = "<group>"; };
		D3D4B6FD2512114A00F9B234 /* Info.plist */ = {isa = PBXFileReference; fileEncoding = 4; lastKnownFileType = text.plist.xml; path = Info.plist; sourceTree = "<group>"; };
		D3FFEA2C2539971300790BFB /* SceneDelegate.swift */ = {isa = PBXFileReference; fileEncoding = 4; lastKnownFileType = sourcecode.swift; path = SceneDelegate.swift; sourceTree = "<group>"; };
		F539E15C728BF5CCF26B2AF6 /* MainInteractor.swift */ = {isa = PBXFileReference; includeInIndex = 1; lastKnownFileType = sourcecode.swift; path = MainInteractor.swift; sourceTree = "<group>"; };
		F886F39FCAADC614939EAE09 /* ListInteractor.swift */ = {isa = PBXFileReference; includeInIndex = 1; lastKnownFileType = sourcecode.swift; path = ListInteractor.swift; sourceTree = "<group>"; };
/* End PBXFileReference section */

/* Begin PBXFrameworksBuildPhase section */
		D3A57E5E24C037FF00368EA1 /* Frameworks */ = {
			isa = PBXFrameworksBuildPhase;
			buildActionMask = 2147483647;
			files = (
				D373FBD225750ED100E25BFD /* Realm in Frameworks */,
				D3880E66257503C30046000A /* ObjectMapper in Frameworks */,
				D35E3C7A2577C34C003DB58C /* FirebaseMessaging in Frameworks */,
				D373FBD425750ED100E25BFD /* RealmSwift in Frameworks */,
				D373FBE1257513E400E25BFD /* Reusable in Frameworks */,
				D35E3C7C2577C34C003DB58C /* FirebaseCrashlytics in Frameworks */,
				D3880E622574FD690046000A /* Alamofire in Frameworks */,
				D310745625750B8C004A11A6 /* SnapKit in Frameworks */,
				D38E8C4A2574F1FC00C18BB2 /* RxSwift in Frameworks */,
				D38E8C4C2574F1FC00C18BB2 /* RxCocoa in Frameworks */,
				D35E3C782577C34C003DB58C /* FirebaseAnalytics in Frameworks */,
			);
			runOnlyForDeploymentPostprocessing = 0;
		};
/* End PBXFrameworksBuildPhase section */

/* Begin PBXGroup section */
		0B92B2F1E7966CD75D25D1CE /* Presenters */ = {
			isa = PBXGroup;
			children = (
				A692F5C15AAB6F64B91A134C /* MainPresenter.swift */,
			);
			path = Presenters;
			sourceTree = "<group>";
		};
		2749644BE3C37EBEBF1AA810 /* Modules */ = {
			isa = PBXGroup;
			children = (
				E6DF3F41B41837DE279F8D9E /* Main */,
				9670E2F32EB5E39F9070E891 /* List */,
				71AE291F0800DD0FCBB3C57D /* Settings */,
			);
			path = Modules;
			sourceTree = "<group>";
		};
		296EB00E23288D3B9A70EF78 /* Wireframes */ = {
			isa = PBXGroup;
			children = (
				5DBBC2EE2971679B8A5BC272 /* MainWireframe.swift */,
			);
			path = Wireframes;
			sourceTree = "<group>";
		};
		3A31C3F323CE0472A760BD97 /* Interactors */ = {
			isa = PBXGroup;
			children = (
				F886F39FCAADC614939EAE09 /* ListInteractor.swift */,
			);
			path = Interactors;
			sourceTree = "<group>";
		};
		59BED65A16D0526B7671347A /* Wireframes */ = {
			isa = PBXGroup;
			children = (
				B1DC0D7CF6D5D125C4B55769 /* SettingsWireframe.swift */,
			);
			path = Wireframes;
			sourceTree = "<group>";
		};
		71AE291F0800DD0FCBB3C57D /* Settings */ = {
			isa = PBXGroup;
			children = (
				59BED65A16D0526B7671347A /* Wireframes */,
				7A18F5B9B0FDB2687EC24352 /* Assembly */,
				FA1F24FA89EBDD58230A9ADF /* Interactors */,
				9EBD566B809266DD18B75464 /* Presenters */,
				D6C401E30FEA854E181C7060 /* Views */,
			);
			path = Settings;
			sourceTree = "<group>";
		};
		7A18F5B9B0FDB2687EC24352 /* Assembly */ = {
			isa = PBXGroup;
			children = (
				6C659F4BD5CCC36ECBE4CDBB /* SettingsAssembly.swift */,
			);
			path = Assembly;
			sourceTree = "<group>";
		};
		8437BED890024402FCF8C8DA /* Assembly */ = {
			isa = PBXGroup;
			children = (
				88D3728B116853BD5159D140 /* ListAssembly.swift */,
			);
			path = Assembly;
			sourceTree = "<group>";
		};
		9670E2F32EB5E39F9070E891 /* List */ = {
			isa = PBXGroup;
			children = (
				C691DAE7B8B4ED24F73E8FFE /* Wireframes */,
				8437BED890024402FCF8C8DA /* Assembly */,
				3A31C3F323CE0472A760BD97 /* Interactors */,
				A60217BEAF70389D2B0E8888 /* Presenters */,
				E6A84A486658ECF7A1BA28C5 /* Views */,
				D35FBC3E2539E2B400294CE4 /* DataManagers */,
			);
			path = List;
			sourceTree = "<group>";
		};
		9EBD566B809266DD18B75464 /* Presenters */ = {
			isa = PBXGroup;
			children = (
				8A80D2C74D639C9ACD6028F4 /* SettingsPresenter.swift */,
			);
			path = Presenters;
			sourceTree = "<group>";
		};
		A60217BEAF70389D2B0E8888 /* Presenters */ = {
			isa = PBXGroup;
			children = (
				7D9CA77CD81E9277A9A1AC0B /* ListPresenter.swift */,
			);
			path = Presenters;
			sourceTree = "<group>";
		};
		C691DAE7B8B4ED24F73E8FFE /* Wireframes */ = {
			isa = PBXGroup;
			children = (
				D20933CF5D783E2EBE45EB65 /* ListWireframe.swift */,
			);
			path = Wireframes;
			sourceTree = "<group>";
		};
		D30898EC250FA15400C1F151 /* Models */ = {
			isa = PBXGroup;
			children = (
				D3178583253D786600FF1F22 /* Realm */,
				D30898ED250FA15400C1F151 /* Repository */,
			);
			path = Models;
			sourceTree = "<group>";
		};
		D30898ED250FA15400C1F151 /* Repository */ = {
			isa = PBXGroup;
			children = (
				D30898F4250FA15400C1F151 /* Repository.swift */,
				D35B3173251354F500D76A99 /* Repository+Push.swift */,
				D32E7BB32552B72800AA4EDD /* Repository+ListItems.swift */,
			);
			path = Repository;
			sourceTree = "<group>";
		};
		D3089980250FA85500C1F151 /* Constants */ = {
			isa = PBXGroup;
			children = (
				D308998A250FA9E700C1F151 /* NetworkClientConstants.swift */,
			);
			path = Constants;
			sourceTree = "<group>";
		};
		D3178583253D786600FF1F22 /* Realm */ = {
			isa = PBXGroup;
			children = (
				D3178584253D78BE00FF1F22 /* ListItem.swift */,
			);
			path = Realm;
			sourceTree = "<group>";
		};
		D32AC4B825540DB700A2B8E1 /* Transformables */ = {
			isa = PBXGroup;
			children = (
				D32AC4B925540DB700A2B8E1 /* DateTransformable.swift */,
			);
			path = Transformables;
			sourceTree = "<group>";
		};
		D32E7BD22552BA3200AA4EDD /* Endpoints */ = {
			isa = PBXGroup;
			children = (
				D32E7BD32552BA3200AA4EDD /* ListItemsEndpoint.swift */,
			);
			path = Endpoints;
			sourceTree = "<group>";
		};
		D32E7BD92552BA3B00AA4EDD /* Responses */ = {
			isa = PBXGroup;
			children = (
				D32E7BDA2552BA3B00AA4EDD /* ListItemsResponse.swift */,
			);
			path = Responses;
			sourceTree = "<group>";
		};
		D33279EA2510D2A100C9D206 /* Protocols */ = {
			isa = PBXGroup;
			children = (
				D33279EB2510D2A100C9D206 /* TabbedProtocol.swift */,
			);
			path = Protocols;
			sourceTree = "<group>";
		};
		D33279EF2510D80A00C9D206 /* Assets */ = {
			isa = PBXGroup;
			children = (
				D3327A022510F19000C9D206 /* Generated */,
				D33279F12510D80A00C9D206 /* Localizables */,
				D3D4B6F12512111A00F9B234 /* Images */,
				D3D4B6F52512111A00F9B234 /* Colors */,
				D351B1A42536F7D700B32FAB /* Config */,
			);
			path = Assets;
			sourceTree = "<group>";
		};
		D33279F12510D80A00C9D206 /* Localizables */ = {
			isa = PBXGroup;
			children = (
				D33279F22510D80A00C9D206 /* Localizable.strings */,
			);
			path = Localizables;
			sourceTree = "<group>";
		};
		D3327A022510F19000C9D206 /* Generated */ = {
			isa = PBXGroup;
			children = (
				D3327A032510F19000C9D206 /* Strings.swift */,
				D3327A042510F19000C9D206 /* Assets.swift */,
			);
			path = Generated;
			sourceTree = "<group>";
		};
		D3327A072510F2CD00C9D206 /* Extensions */ = {
			isa = PBXGroup;
			children = (
				D32AC4B52554001400A2B8E1 /* TransformType+List.swift */,
				D3327A092510F2CD00C9D206 /* String */,
			);
			path = Extensions;
			sourceTree = "<group>";
		};
		D3327A092510F2CD00C9D206 /* String */ = {
			isa = PBXGroup;
			children = (
				D3327A0A2510F2CD00C9D206 /* String+Localized.swift */,
				D32E7BDE2552C2E700AA4EDD /* String+Transform.swift */,
			);
			path = String;
			sourceTree = "<group>";
		};
		D351B1A42536F7D700B32FAB /* Config */ = {
			isa = PBXGroup;
			children = (
				D351B1AA2536F8B100B32FAB /* GoogleService-Info.plist */,
			);
			path = Config;
			sourceTree = "<group>";
		};
		D35FBBFB2539D17C00294CE4 /* Common */ = {
			isa = PBXGroup;
			children = (
				D35FBBFC2539D19D00294CE4 /* BaseNavigationController.swift */,
			);
			path = Common;
			sourceTree = "<group>";
		};
		D35FBC002539D95D00294CE4 /* Cells */ = {
			isa = PBXGroup;
			children = (
				D35FBC012539D97B00294CE4 /* ListCell.swift */,
			);
			path = Cells;
			sourceTree = "<group>";
		};
		D35FBC3E2539E2B400294CE4 /* DataManagers */ = {
			isa = PBXGroup;
			children = (
				D35FBC462539E2D900294CE4 /* ListDataManager.swift */,
			);
			path = DataManagers;
			sourceTree = "<group>";
		};
		D3A57E5824C037FF00368EA1 = {
			isa = PBXGroup;
			children = (
				D3ABCA2C24E14EDE00AE8C8A /* README.md */,
				D3A57E6324C037FF00368EA1 /* CleanArch */,
				D3A57E6224C037FF00368EA1 /* Products */,
			);
			sourceTree = "<group>";
		};
		D3A57E6224C037FF00368EA1 /* Products */ = {
			isa = PBXGroup;
			children = (
				D3A57E6124C037FF00368EA1 /* CleanArch.app */,
			);
			name = Products;
			sourceTree = "<group>";
		};
		D3A57E6324C037FF00368EA1 /* CleanArch */ = {
			isa = PBXGroup;
			children = (
				D33279EF2510D80A00C9D206 /* Assets */,
				D35FBBFB2539D17C00294CE4 /* Common */,
				D3089980250FA85500C1F151 /* Constants */,
				D3327A072510F2CD00C9D206 /* Extensions */,
				D30898EC250FA15400C1F151 /* Models */,
				2749644BE3C37EBEBF1AA810 /* Modules */,
				D3AA2F4D250FAECB00A51E9B /* WebServices */,
				D3A57E6424C037FF00368EA1 /* AppDelegate.swift */,
				D3FFEA2C2539971300790BFB /* SceneDelegate.swift */,
				D3D4B6FA2512114A00F9B234 /* Supporting Files */,
			);
			path = CleanArch;
			sourceTree = "<group>";
		};
		D3AA2F4D250FAECB00A51E9B /* WebServices */ = {
			isa = PBXGroup;
			children = (
				D3AA2F4E250FAECB00A51E9B /* NetworkClient.swift */,
				D32E7BD12552BA3200AA4EDD /* Endpoint.swift */,
				D32E7BD22552BA3200AA4EDD /* Endpoints */,
				D32E7BD92552BA3B00AA4EDD /* Responses */,
				D32AC4B825540DB700A2B8E1 /* Transformables */,
			);
			path = WebServices;
			sourceTree = "<group>";
		};
		D3D4B6F12512111A00F9B234 /* Images */ = {
			isa = PBXGroup;
			children = (
				D3D4B6F22512111A00F9B234 /* Images.xcassets */,
			);
			path = Images;
			sourceTree = "<group>";
		};
		D3D4B6F52512111A00F9B234 /* Colors */ = {
			isa = PBXGroup;
			children = (
				D3D4B6F62512111A00F9B234 /* Colors.xcassets */,
			);
			path = Colors;
			sourceTree = "<group>";
		};
		D3D4B6FA2512114A00F9B234 /* Supporting Files */ = {
			isa = PBXGroup;
			children = (
				D3D4B6FB2512114A00F9B234 /* LaunchScreen.storyboard */,
				D3D4B6FC2512114A00F9B234 /* CleanArch.entitlements */,
				D3D4B6FD2512114A00F9B234 /* Info.plist */,
			);
			path = "Supporting Files";
			sourceTree = "<group>";
		};
		D6C401E30FEA854E181C7060 /* Views */ = {
			isa = PBXGroup;
			children = (
				D3327A13251102F700C9D206 /* SettingsNavigationController.swift */,
				D3327A152511031A00C9D206 /* SettingsViewController.swift */,
				D3C0784C253874730076250E /* SettingsSnapView.swift */,
			);
			path = Views;
			sourceTree = "<group>";
		};
		DB56CCF2F17E4DEFA8ECEF1A /* Views */ = {
			isa = PBXGroup;
			children = (
				2A79F6EA304F9FEDE45F8964 /* MainViewController.swift */,
			);
			path = Views;
			sourceTree = "<group>";
		};
		DE827E795C769E057EC7A896 /* Interactors */ = {
			isa = PBXGroup;
			children = (
				F539E15C728BF5CCF26B2AF6 /* MainInteractor.swift */,
			);
			path = Interactors;
			sourceTree = "<group>";
		};
		E6A84A486658ECF7A1BA28C5 /* Views */ = {
			isa = PBXGroup;
			children = (
				D35FBC002539D95D00294CE4 /* Cells */,
				D33279ED2510D5B000C9D206 /* ListNavigationController.swift */,
				C1C90C2D9AB17DD2532B6D35 /* ListViewController.swift */,
				D39ACF5325383B88008A70CF /* ListSnapView.swift */,
			);
			path = Views;
			sourceTree = "<group>";
		};
		E6DF3F41B41837DE279F8D9E /* Main */ = {
			isa = PBXGroup;
			children = (
				296EB00E23288D3B9A70EF78 /* Wireframes */,
				F32BCD3291EEA9BB3D177CA7 /* Assembly */,
				DE827E795C769E057EC7A896 /* Interactors */,
				0B92B2F1E7966CD75D25D1CE /* Presenters */,
				DB56CCF2F17E4DEFA8ECEF1A /* Views */,
				D33279EA2510D2A100C9D206 /* Protocols */,
			);
			path = Main;
			sourceTree = "<group>";
		};
		F32BCD3291EEA9BB3D177CA7 /* Assembly */ = {
			isa = PBXGroup;
			children = (
				28B7DD7DC58D0BFD5DA1F930 /* MainAssembly.swift */,
			);
			path = Assembly;
			sourceTree = "<group>";
		};
		FA1F24FA89EBDD58230A9ADF /* Interactors */ = {
			isa = PBXGroup;
			children = (
				33506F318502330B65D48B23 /* SettingsInteractor.swift */,
			);
			path = Interactors;
			sourceTree = "<group>";
		};
/* End PBXGroup section */

/* Begin PBXNativeTarget section */
		D3A57E6024C037FF00368EA1 /* CleanArch */ = {
			isa = PBXNativeTarget;
			buildConfigurationList = D3A57E7524C0380000368EA1 /* Build configuration list for PBXNativeTarget "CleanArch" */;
			buildPhases = (
				D3A57E5D24C037FF00368EA1 /* Sources */,
				D3A57E5E24C037FF00368EA1 /* Frameworks */,
				D3A57E5F24C037FF00368EA1 /* Resources */,
			);
			buildRules = (
			);
			dependencies = (
			);
			name = CleanArch;
			packageProductDependencies = (
				D38E8C492574F1FC00C18BB2 /* RxSwift */,
				D38E8C4B2574F1FC00C18BB2 /* RxCocoa */,
				D3880E612574FD690046000A /* Alamofire */,
				D3880E65257503C30046000A /* ObjectMapper */,
				D310745525750B8C004A11A6 /* SnapKit */,
				D373FBD125750ED100E25BFD /* Realm */,
				D373FBD325750ED100E25BFD /* RealmSwift */,
				D373FBE0257513E400E25BFD /* Reusable */,
				D35E3C772577C34C003DB58C /* FirebaseAnalytics */,
				D35E3C792577C34C003DB58C /* FirebaseMessaging */,
				D35E3C7B2577C34C003DB58C /* FirebaseCrashlytics */,
			);
			productName = CleanArch;
			productReference = D3A57E6124C037FF00368EA1 /* CleanArch.app */;
			productType = "com.apple.product-type.application";
		};
/* End PBXNativeTarget section */

/* Begin PBXProject section */
		D3A57E5924C037FF00368EA1 /* Project object */ = {
			isa = PBXProject;
			attributes = {
				LastSwiftUpdateCheck = 1200;
				LastUpgradeCheck = 1160;
				ORGANIZATIONNAME = DIGIO;
				TargetAttributes = {
					D3A57E6024C037FF00368EA1 = {
						CreatedOnToolsVersion = 12.0;
					};
				};
			};
			buildConfigurationList = D3A57E5C24C037FF00368EA1 /* Build configuration list for PBXProject "CleanArch" */;
			compatibilityVersion = "Xcode 11.4";
			developmentRegion = en;
			hasScannedForEncodings = 0;
			knownRegions = (
				en,
				Base,
				es,
			);
			mainGroup = D3A57E5824C037FF00368EA1;
			packageReferences = (
				D38E8C482574F1FC00C18BB2 /* XCRemoteSwiftPackageReference "RxSwift" */,
				D3880E602574FD680046000A /* XCRemoteSwiftPackageReference "Alamofire" */,
				D3880E64257503C20046000A /* XCRemoteSwiftPackageReference "ObjectMapper" */,
				D310745425750B8C004A11A6 /* XCRemoteSwiftPackageReference "SnapKit" */,
				D373FBD025750ED100E25BFD /* XCRemoteSwiftPackageReference "realm-cocoa" */,
				D373FBDF257513E400E25BFD /* XCRemoteSwiftPackageReference "Reusable" */,
				D35E3C762577C34C003DB58C /* XCRemoteSwiftPackageReference "firebase-ios-sdk" */,
			);
			productRefGroup = D3A57E6224C037FF00368EA1 /* Products */;
			projectDirPath = "";
			projectRoot = "";
			targets = (
				D3A57E6024C037FF00368EA1 /* CleanArch */,
			);
		};
/* End PBXProject section */

/* Begin PBXResourcesBuildPhase section */
		D3A57E5F24C037FF00368EA1 /* Resources */ = {
			isa = PBXResourcesBuildPhase;
			buildActionMask = 2147483647;
			files = (
				D3D4B6F92512111A00F9B234 /* Colors.xcassets in Resources */,
				D3D4B6FE2512114A00F9B234 /* LaunchScreen.storyboard in Resources */,
				D3D4B6F72512111A00F9B234 /* Images.xcassets in Resources */,
				D33279FB2510D80B00C9D206 /* Localizable.strings in Resources */,
				D351B1AB2536F8B100B32FAB /* GoogleService-Info.plist in Resources */,
			);
			runOnlyForDeploymentPostprocessing = 0;
		};
/* End PBXResourcesBuildPhase section */

/* Begin PBXSourcesBuildPhase section */
		D3A57E5D24C037FF00368EA1 /* Sources */ = {
			isa = PBXSourcesBuildPhase;
			buildActionMask = 2147483647;
			files = (
				D32E7BB42552B72800AA4EDD /* Repository+ListItems.swift in Sources */,
				D32E7BDB2552BA3B00AA4EDD /* ListItemsResponse.swift in Sources */,
				D39ACF5425383B88008A70CF /* ListSnapView.swift in Sources */,
				D35FBC472539E2D900294CE4 /* ListDataManager.swift in Sources */,
				D3AA2F58250FAECB00A51E9B /* NetworkClient.swift in Sources */,
				D3A57E6524C037FF00368EA1 /* AppDelegate.swift in Sources */,
				D3327A14251102F700C9D206 /* SettingsNavigationController.swift in Sources */,
				D33279EC2510D2A100C9D206 /* TabbedProtocol.swift in Sources */,
				D32AC4BA25540DB700A2B8E1 /* DateTransformable.swift in Sources */,
				D308998B250FA9E700C1F151 /* NetworkClientConstants.swift in Sources */,
				D3089900250FA15400C1F151 /* Repository.swift in Sources */,
				2C943111C8B3A0972B947CEF /* MainAssembly.swift in Sources */,
				D35FBBFD2539D19D00294CE4 /* BaseNavigationController.swift in Sources */,
				3789A6E59FB9505B2C9DEFF2 /* MainInteractor.swift in Sources */,
				D32E7BDF2552C2E700AA4EDD /* String+Transform.swift in Sources */,
				D3327A172511031A00C9D206 /* SettingsViewController.swift in Sources */,
				D33279EE2510D5B000C9D206 /* ListNavigationController.swift in Sources */,
				D32E7BD52552BA3300AA4EDD /* Endpoint.swift in Sources */,
				D3C0784D253874730076250E /* SettingsSnapView.swift in Sources */,
				D3FFEA2D2539971300790BFB /* SceneDelegate.swift in Sources */,
				D3178585253D78BE00FF1F22 /* ListItem.swift in Sources */,
				D3327A062510F19000C9D206 /* Assets.swift in Sources */,
				FEC282C61EDE0898AD261C71 /* MainWireframe.swift in Sources */,
				87CC1C83D9346D321BC6D595 /* MainPresenter.swift in Sources */,
				D35FBC022539D97B00294CE4 /* ListCell.swift in Sources */,
				355971E50078C41D9C51CC9C /* MainViewController.swift in Sources */,
				D32E7BD62552BA3300AA4EDD /* ListItemsEndpoint.swift in Sources */,
				E00B95D7A4878B6D1B371675 /* ListAssembly.swift in Sources */,
				D3327A052510F19000C9D206 /* Strings.swift in Sources */,
				D32AC4B62554001400A2B8E1 /* TransformType+List.swift in Sources */,
				9CF5B40A373B1958DFBDEC73 /* ListInteractor.swift in Sources */,
				BB29FF06DCB0FE2F7ECB6963 /* ListWireframe.swift in Sources */,
				D3327A0C2510F2CD00C9D206 /* String+Localized.swift in Sources */,
				D35B3174251354F500D76A99 /* Repository+Push.swift in Sources */,
				00FAD1413E1A6432C7C011B8 /* ListPresenter.swift in Sources */,
				A7777CF62C6FCF1E158E6FD2 /* ListViewController.swift in Sources */,
				FED51BB4D269663A9A579804 /* SettingsAssembly.swift in Sources */,
				94ED68419236D7B76974F11A /* SettingsInteractor.swift in Sources */,
				B6069DA4EE30E064D8155378 /* SettingsWireframe.swift in Sources */,
				03408A75427B9527C5CEB8CC /* SettingsPresenter.swift in Sources */,
			);
			runOnlyForDeploymentPostprocessing = 0;
		};
/* End PBXSourcesBuildPhase section */

/* Begin PBXVariantGroup section */
		D33279F22510D80A00C9D206 /* Localizable.strings */ = {
			isa = PBXVariantGroup;
			children = (
				D33279F52510D80A00C9D206 /* en */,
				D33279F62510D80A00C9D206 /* es */,
			);
			name = Localizable.strings;
			sourceTree = "<group>";
		};
/* End PBXVariantGroup section */

/* Begin XCBuildConfiguration section */
		D3A57E7324C0380000368EA1 /* Debug */ = {
			isa = XCBuildConfiguration;
			buildSettings = {
				ALWAYS_SEARCH_USER_PATHS = NO;
				CLANG_ANALYZER_LOCALIZABILITY_NONLOCALIZED = YES;
				CLANG_ANALYZER_NONNULL = YES;
				CLANG_ANALYZER_NUMBER_OBJECT_CONVERSION = YES_AGGRESSIVE;
				CLANG_CXX_LANGUAGE_STANDARD = "gnu++14";
				CLANG_CXX_LIBRARY = "libc++";
				CLANG_ENABLE_MODULES = YES;
				CLANG_ENABLE_OBJC_ARC = YES;
				CLANG_ENABLE_OBJC_WEAK = YES;
				CLANG_WARN_BLOCK_CAPTURE_AUTORELEASING = YES;
				CLANG_WARN_BOOL_CONVERSION = YES;
				CLANG_WARN_COMMA = YES;
				CLANG_WARN_CONSTANT_CONVERSION = YES;
				CLANG_WARN_DEPRECATED_OBJC_IMPLEMENTATIONS = YES;
				CLANG_WARN_DIRECT_OBJC_ISA_USAGE = YES_ERROR;
				CLANG_WARN_DOCUMENTATION_COMMENTS = YES;
				CLANG_WARN_EMPTY_BODY = YES;
				CLANG_WARN_ENUM_CONVERSION = YES;
				CLANG_WARN_INFINITE_RECURSION = YES;
				CLANG_WARN_INT_CONVERSION = YES;
				CLANG_WARN_NON_LITERAL_NULL_CONVERSION = YES;
				CLANG_WARN_OBJC_IMPLICIT_RETAIN_SELF = YES;
				CLANG_WARN_OBJC_LITERAL_CONVERSION = YES;
				CLANG_WARN_OBJC_ROOT_CLASS = YES_ERROR;
				CLANG_WARN_QUOTED_INCLUDE_IN_FRAMEWORK_HEADER = YES;
				CLANG_WARN_RANGE_LOOP_ANALYSIS = YES;
				CLANG_WARN_STRICT_PROTOTYPES = YES;
				CLANG_WARN_SUSPICIOUS_MOVE = YES;
				CLANG_WARN_UNGUARDED_AVAILABILITY = YES_AGGRESSIVE;
				CLANG_WARN_UNREACHABLE_CODE = YES;
				CLANG_WARN__DUPLICATE_METHOD_MATCH = YES;
				COPY_PHASE_STRIP = NO;
				ENABLE_STRICT_OBJC_MSGSEND = YES;
				ENABLE_TESTABILITY = YES;
				GCC_C_LANGUAGE_STANDARD = gnu11;
				GCC_DYNAMIC_NO_PIC = NO;
				GCC_NO_COMMON_BLOCKS = YES;
				GCC_OPTIMIZATION_LEVEL = 0;
				GCC_PREPROCESSOR_DEFINITIONS = (
					"DEBUG=1",
					"$(inherited)",
				);
				GCC_WARN_64_TO_32_BIT_CONVERSION = YES;
				GCC_WARN_ABOUT_RETURN_TYPE = YES_ERROR;
				GCC_WARN_UNDECLARED_SELECTOR = YES;
				GCC_WARN_UNINITIALIZED_AUTOS = YES_AGGRESSIVE;
				GCC_WARN_UNUSED_FUNCTION = YES;
				GCC_WARN_UNUSED_VARIABLE = YES;
				IPHONEOS_DEPLOYMENT_TARGET = 12.0;
				MARKETING_VERSION = 1.0;
				MTL_ENABLE_DEBUG_INFO = INCLUDE_SOURCE;
				MTL_FAST_MATH = YES;
				ONLY_ACTIVE_ARCH = YES;
				SDKROOT = iphoneos;
				SWIFT_ACTIVE_COMPILATION_CONDITIONS = DEBUG;
				SWIFT_OPTIMIZATION_LEVEL = "-Onone";
			};
			name = Debug;
		};
		D3A57E7424C0380000368EA1 /* Release */ = {
			isa = XCBuildConfiguration;
			buildSettings = {
				ALWAYS_SEARCH_USER_PATHS = NO;
				CLANG_ANALYZER_LOCALIZABILITY_NONLOCALIZED = YES;
				CLANG_ANALYZER_NONNULL = YES;
				CLANG_ANALYZER_NUMBER_OBJECT_CONVERSION = YES_AGGRESSIVE;
				CLANG_CXX_LANGUAGE_STANDARD = "gnu++14";
				CLANG_CXX_LIBRARY = "libc++";
				CLANG_ENABLE_MODULES = YES;
				CLANG_ENABLE_OBJC_ARC = YES;
				CLANG_ENABLE_OBJC_WEAK = YES;
				CLANG_WARN_BLOCK_CAPTURE_AUTORELEASING = YES;
				CLANG_WARN_BOOL_CONVERSION = YES;
				CLANG_WARN_COMMA = YES;
				CLANG_WARN_CONSTANT_CONVERSION = YES;
				CLANG_WARN_DEPRECATED_OBJC_IMPLEMENTATIONS = YES;
				CLANG_WARN_DIRECT_OBJC_ISA_USAGE = YES_ERROR;
				CLANG_WARN_DOCUMENTATION_COMMENTS = YES;
				CLANG_WARN_EMPTY_BODY = YES;
				CLANG_WARN_ENUM_CONVERSION = YES;
				CLANG_WARN_INFINITE_RECURSION = YES;
				CLANG_WARN_INT_CONVERSION = YES;
				CLANG_WARN_NON_LITERAL_NULL_CONVERSION = YES;
				CLANG_WARN_OBJC_IMPLICIT_RETAIN_SELF = YES;
				CLANG_WARN_OBJC_LITERAL_CONVERSION = YES;
				CLANG_WARN_OBJC_ROOT_CLASS = YES_ERROR;
				CLANG_WARN_QUOTED_INCLUDE_IN_FRAMEWORK_HEADER = YES;
				CLANG_WARN_RANGE_LOOP_ANALYSIS = YES;
				CLANG_WARN_STRICT_PROTOTYPES = YES;
				CLANG_WARN_SUSPICIOUS_MOVE = YES;
				CLANG_WARN_UNGUARDED_AVAILABILITY = YES_AGGRESSIVE;
				CLANG_WARN_UNREACHABLE_CODE = YES;
				CLANG_WARN__DUPLICATE_METHOD_MATCH = YES;
				COPY_PHASE_STRIP = NO;
				ENABLE_NS_ASSERTIONS = NO;
				ENABLE_STRICT_OBJC_MSGSEND = YES;
				GCC_C_LANGUAGE_STANDARD = gnu11;
				GCC_NO_COMMON_BLOCKS = YES;
				GCC_WARN_64_TO_32_BIT_CONVERSION = YES;
				GCC_WARN_ABOUT_RETURN_TYPE = YES_ERROR;
				GCC_WARN_UNDECLARED_SELECTOR = YES;
				GCC_WARN_UNINITIALIZED_AUTOS = YES_AGGRESSIVE;
				GCC_WARN_UNUSED_FUNCTION = YES;
				GCC_WARN_UNUSED_VARIABLE = YES;
				IPHONEOS_DEPLOYMENT_TARGET = 12.0;
				MARKETING_VERSION = 1.0;
				MTL_ENABLE_DEBUG_INFO = NO;
				MTL_FAST_MATH = YES;
				SDKROOT = iphoneos;
				SWIFT_COMPILATION_MODE = wholemodule;
				SWIFT_OPTIMIZATION_LEVEL = "-O";
				VALIDATE_PRODUCT = YES;
			};
			name = Release;
		};
		D3A57E7624C0380000368EA1 /* Debug */ = {
			isa = XCBuildConfiguration;
			buildSettings = {
				ASSETCATALOG_COMPILER_APPICON_NAME = AppIcon;
				ASSETCATALOG_COMPILER_GLOBAL_ACCENT_COLOR_NAME = AccentColor;
				CODE_SIGN_ENTITLEMENTS = "CleanArch/Supporting Files/CleanArch.entitlements";
				CODE_SIGN_STYLE = Automatic;
				CURRENT_PROJECT_VERSION = 1;
				DEVELOPMENT_TEAM = LRE923483J;
				INFOPLIST_FILE = "CleanArch/Supporting Files/Info.plist";
				LD_RUNPATH_SEARCH_PATHS = (
					"$(inherited)",
					"@executable_path/Frameworks",
				);
				PRODUCT_BUNDLE_IDENTIFIER = es.laura.CleanArch;
				PRODUCT_NAME = "$(TARGET_NAME)";
				SWIFT_VERSION = 5.0;
				TARGETED_DEVICE_FAMILY = 1;
			};
			name = Debug;
		};
		D3A57E7724C0380000368EA1 /* Release */ = {
			isa = XCBuildConfiguration;
			buildSettings = {
				ASSETCATALOG_COMPILER_APPICON_NAME = AppIcon;
				ASSETCATALOG_COMPILER_GLOBAL_ACCENT_COLOR_NAME = AccentColor;
				CODE_SIGN_ENTITLEMENTS = "CleanArch/Supporting Files/CleanArch.entitlements";
				CODE_SIGN_STYLE = Automatic;
				CURRENT_PROJECT_VERSION = 1;
				DEVELOPMENT_TEAM = LRE923483J;
				INFOPLIST_FILE = "CleanArch/Supporting Files/Info.plist";
				LD_RUNPATH_SEARCH_PATHS = (
					"$(inherited)",
					"@executable_path/Frameworks",
				);
				PRODUCT_BUNDLE_IDENTIFIER = es.laura.CleanArch;
				PRODUCT_NAME = "$(TARGET_NAME)";
				SWIFT_VERSION = 5.0;
				TARGETED_DEVICE_FAMILY = 1;
			};
			name = Release;
		};
/* End XCBuildConfiguration section */

/* Begin XCConfigurationList section */
		D3A57E5C24C037FF00368EA1 /* Build configuration list for PBXProject "CleanArch" */ = {
			isa = XCConfigurationList;
			buildConfigurations = (
				D3A57E7324C0380000368EA1 /* Debug */,
				D3A57E7424C0380000368EA1 /* Release */,
			);
			defaultConfigurationIsVisible = 0;
			defaultConfigurationName = Release;
		};
		D3A57E7524C0380000368EA1 /* Build configuration list for PBXNativeTarget "CleanArch" */ = {
			isa = XCConfigurationList;
			buildConfigurations = (
				D3A57E7624C0380000368EA1 /* Debug */,
				D3A57E7724C0380000368EA1 /* Release */,
			);
			defaultConfigurationIsVisible = 0;
			defaultConfigurationName = Release;
		};
/* End XCConfigurationList section */

/* Begin XCRemoteSwiftPackageReference section */
		D310745425750B8C004A11A6 /* XCRemoteSwiftPackageReference "SnapKit" */ = {
			isa = XCRemoteSwiftPackageReference;
			repositoryURL = "https://github.com/SnapKit/SnapKit";
			requirement = {
				kind = upToNextMajorVersion;
				minimumVersion = 5.0.1;
			};
		};
		D35E3C762577C34C003DB58C /* XCRemoteSwiftPackageReference "firebase-ios-sdk" */ = {
			isa = XCRemoteSwiftPackageReference;
			repositoryURL = "https://github.com/firebase/firebase-ios-sdk";
			requirement = {
				kind = upToNextMajorVersion;
				minimumVersion = 7.1.0;
			};
		};
		D373FBD025750ED100E25BFD /* XCRemoteSwiftPackageReference "realm-cocoa" */ = {
			isa = XCRemoteSwiftPackageReference;
			repositoryURL = "https://github.com/realm/realm-cocoa";
			requirement = {
				kind = upToNextMajorVersion;
				minimumVersion = 10.1.4;
			};
		};
		D373FBDF257513E400E25BFD /* XCRemoteSwiftPackageReference "Reusable" */ = {
			isa = XCRemoteSwiftPackageReference;
			repositoryURL = "https://github.com/AliSoftware/Reusable.git";
			requirement = {
				kind = upToNextMajorVersion;
				minimumVersion = 4.1.1;
			};
		};
		D3880E602574FD680046000A /* XCRemoteSwiftPackageReference "Alamofire" */ = {
			isa = XCRemoteSwiftPackageReference;
			repositoryURL = "https://github.com/Alamofire/Alamofire.git";
			requirement = {
				kind = upToNextMajorVersion;
				minimumVersion = 5.4.0;
			};
		};
		D3880E64257503C20046000A /* XCRemoteSwiftPackageReference "ObjectMapper" */ = {
			isa = XCRemoteSwiftPackageReference;
			repositoryURL = "https://github.com/tristanhimmelman/ObjectMapper.git";
			requirement = {
				kind = upToNextMajorVersion;
				minimumVersion = 4.2.0;
			};
		};
		D38E8C482574F1FC00C18BB2 /* XCRemoteSwiftPackageReference "RxSwift" */ = {
			isa = XCRemoteSwiftPackageReference;
			repositoryURL = "https://github.com/ReactiveX/RxSwift";
			requirement = {
				kind = upToNextMajorVersion;
				minimumVersion = 5.1.1;
			};
		};
/* End XCRemoteSwiftPackageReference section */

/* Begin XCSwiftPackageProductDependency section */
		D310745525750B8C004A11A6 /* SnapKit */ = {
			isa = XCSwiftPackageProductDependency;
			package = D310745425750B8C004A11A6 /* XCRemoteSwiftPackageReference "SnapKit" */;
			productName = SnapKit;
		};
		D35E3C772577C34C003DB58C /* FirebaseAnalytics */ = {
			isa = XCSwiftPackageProductDependency;
			package = D35E3C762577C34C003DB58C /* XCRemoteSwiftPackageReference "firebase-ios-sdk" */;
			productName = FirebaseAnalytics;
		};
		D35E3C792577C34C003DB58C /* FirebaseMessaging */ = {
			isa = XCSwiftPackageProductDependency;
			package = D35E3C762577C34C003DB58C /* XCRemoteSwiftPackageReference "firebase-ios-sdk" */;
			productName = FirebaseMessaging;
		};
		D35E3C7B2577C34C003DB58C /* FirebaseCrashlytics */ = {
			isa = XCSwiftPackageProductDependency;
			package = D35E3C762577C34C003DB58C /* XCRemoteSwiftPackageReference "firebase-ios-sdk" */;
			productName = FirebaseCrashlytics;
		};
		D373FBD125750ED100E25BFD /* Realm */ = {
			isa = XCSwiftPackageProductDependency;
			package = D373FBD025750ED100E25BFD /* XCRemoteSwiftPackageReference "realm-cocoa" */;
			productName = Realm;
		};
		D373FBD325750ED100E25BFD /* RealmSwift */ = {
			isa = XCSwiftPackageProductDependency;
			package = D373FBD025750ED100E25BFD /* XCRemoteSwiftPackageReference "realm-cocoa" */;
			productName = RealmSwift;
		};
		D373FBE0257513E400E25BFD /* Reusable */ = {
			isa = XCSwiftPackageProductDependency;
			package = D373FBDF257513E400E25BFD /* XCRemoteSwiftPackageReference "Reusable" */;
			productName = Reusable;
		};
		D3880E612574FD690046000A /* Alamofire */ = {
			isa = XCSwiftPackageProductDependency;
			package = D3880E602574FD680046000A /* XCRemoteSwiftPackageReference "Alamofire" */;
			productName = Alamofire;
		};
		D3880E65257503C30046000A /* ObjectMapper */ = {
			isa = XCSwiftPackageProductDependency;
			package = D3880E64257503C20046000A /* XCRemoteSwiftPackageReference "ObjectMapper" */;
			productName = ObjectMapper;
		};
		D38E8C492574F1FC00C18BB2 /* RxSwift */ = {
			isa = XCSwiftPackageProductDependency;
			package = D38E8C482574F1FC00C18BB2 /* XCRemoteSwiftPackageReference "RxSwift" */;
			productName = RxSwift;
		};
		D38E8C4B2574F1FC00C18BB2 /* RxCocoa */ = {
			isa = XCSwiftPackageProductDependency;
			package = D38E8C482574F1FC00C18BB2 /* XCRemoteSwiftPackageReference "RxSwift" */;
			productName = RxCocoa;
		};
/* End XCSwiftPackageProductDependency section */
	};
	rootObject = D3A57E5924C037FF00368EA1 /* Project object */;
}
