// !$*UTF8*$!
{
	archiveVersion = 1;
	classes = {
	};
	objectVersion = 50;
	objects = {

/* Begin PBXBuildFile section */
		D3ACE26D26C28910007EF083 /* CleanArchApp.swift in Sources */ = {isa = PBXBuildFile; fileRef = D3ACE26C26C28910007EF083 /* CleanArchApp.swift */; };
		D3ACE26F26C28910007EF083 /* ContentView.swift in Sources */ = {isa = PBXBuildFile; fileRef = D3ACE26E26C28910007EF083 /* ContentView.swift */; };
		D3ACE27126C28913007EF083 /* Assets.xcassets in Resources */ = {isa = PBXBuildFile; fileRef = D3ACE27026C28913007EF083 /* Assets.xcassets */; };
		D3ACE27426C28913007EF083 /* Preview Assets.xcassets in Resources */ = {isa = PBXBuildFile; fileRef = D3ACE27326C28913007EF083 /* Preview Assets.xcassets */; };
		D3ACE27F26C28913007EF083 /* CleanArchTests.swift in Sources */ = {isa = PBXBuildFile; fileRef = D3ACE27E26C28913007EF083 /* CleanArchTests.swift */; };
		D3ACE28A26C28913007EF083 /* CleanArchUITests.swift in Sources */ = {isa = PBXBuildFile; fileRef = D3ACE28926C28913007EF083 /* CleanArchUITests.swift */; };
/* End PBXBuildFile section */

/* Begin PBXContainerItemProxy section */
		D3ACE27B26C28913007EF083 /* PBXContainerItemProxy */ = {
			isa = PBXContainerItemProxy;
			containerPortal = D3ACE26126C28910007EF083 /* Project object */;
			proxyType = 1;
			remoteGlobalIDString = D3ACE26826C28910007EF083;
			remoteInfo = CleanArch;
		};
		D3ACE28626C28913007EF083 /* PBXContainerItemProxy */ = {
			isa = PBXContainerItemProxy;
			containerPortal = D3ACE26126C28910007EF083 /* Project object */;
			proxyType = 1;
			remoteGlobalIDString = D3ACE26826C28910007EF083;
			remoteInfo = CleanArch;
		};
/* End PBXContainerItemProxy section */

/* Begin PBXFileReference section */
		D3ACE26926C28910007EF083 /* CleanArch.app */ = {isa = PBXFileReference; explicitFileType = wrapper.application; includeInIndex = 0; path = CleanArch.app; sourceTree = BUILT_PRODUCTS_DIR; };
		D3ACE26C26C28910007EF083 /* CleanArchApp.swift */ = {isa = PBXFileReference; lastKnownFileType = sourcecode.swift; path = CleanArchApp.swift; sourceTree = "<group>"; };
		D3ACE26E26C28910007EF083 /* ContentView.swift */ = {isa = PBXFileReference; lastKnownFileType = sourcecode.swift; path = ContentView.swift; sourceTree = "<group>"; };
		D3ACE27026C28913007EF083 /* Assets.xcassets */ = {isa = PBXFileReference; lastKnownFileType = folder.assetcatalog; path = Assets.xcassets; sourceTree = "<group>"; };
		D3ACE27326C28913007EF083 /* Preview Assets.xcassets */ = {isa = PBXFileReference; lastKnownFileType = folder.assetcatalog; path = "Preview Assets.xcassets"; sourceTree = "<group>"; };
		D3ACE27526C28913007EF083 /* Info.plist */ = {isa = PBXFileReference; lastKnownFileType = text.plist.xml; path = Info.plist; sourceTree = "<group>"; };
		D3ACE27A26C28913007EF083 /* CleanArchTests.xctest */ = {isa = PBXFileReference; explicitFileType = wrapper.cfbundle; includeInIndex = 0; path = CleanArchTests.xctest; sourceTree = BUILT_PRODUCTS_DIR; };
		D3ACE27E26C28913007EF083 /* CleanArchTests.swift */ = {isa = PBXFileReference; lastKnownFileType = sourcecode.swift; path = CleanArchTests.swift; sourceTree = "<group>"; };
		D3ACE28026C28913007EF083 /* Info.plist */ = {isa = PBXFileReference; lastKnownFileType = text.plist.xml; path = Info.plist; sourceTree = "<group>"; };
		D3ACE28526C28913007EF083 /* CleanArchUITests.xctest */ = {isa = PBXFileReference; explicitFileType = wrapper.cfbundle; includeInIndex = 0; path = CleanArchUITests.xctest; sourceTree = BUILT_PRODUCTS_DIR; };
		D3ACE28926C28913007EF083 /* CleanArchUITests.swift */ = {isa = PBXFileReference; lastKnownFileType = sourcecode.swift; path = CleanArchUITests.swift; sourceTree = "<group>"; };
		D3ACE28B26C28913007EF083 /* Info.plist */ = {isa = PBXFileReference; lastKnownFileType = text.plist.xml; path = Info.plist; sourceTree = "<group>"; };
		D3ACE29726C2892C007EF083 /* README.md */ = {isa = PBXFileReference; lastKnownFileType = net.daringfireball.markdown; name = README.md; path = ../README.md; sourceTree = "<group>"; };
/* End PBXFileReference section */

/* Begin PBXFrameworksBuildPhase section */
		D3ACE26626C28910007EF083 /* Frameworks */ = {
			isa = PBXFrameworksBuildPhase;
			buildActionMask = 2147483647;
			files = (
			);
			runOnlyForDeploymentPostprocessing = 0;
		};
		D3ACE27726C28913007EF083 /* Frameworks */ = {
			isa = PBXFrameworksBuildPhase;
			buildActionMask = 2147483647;
			files = (
			);
			runOnlyForDeploymentPostprocessing = 0;
		};
		D3ACE28226C28913007EF083 /* Frameworks */ = {
			isa = PBXFrameworksBuildPhase;
			buildActionMask = 2147483647;
			files = (
			);
			runOnlyForDeploymentPostprocessing = 0;
		};
/* End PBXFrameworksBuildPhase section */

/* Begin PBXGroup section */
		D3ACE26026C28910007EF083 = {
			isa = PBXGroup;
			children = (
				D3ACE29726C2892C007EF083 /* README.md */,
				D3ACE26B26C28910007EF083 /* CleanArch */,
				D3ACE27D26C28913007EF083 /* CleanArchTests */,
				D3ACE28826C28913007EF083 /* CleanArchUITests */,
				D3ACE26A26C28910007EF083 /* Products */,
			);
			sourceTree = "<group>";
		};
		D3ACE26A26C28910007EF083 /* Products */ = {
			isa = PBXGroup;
			children = (
				D3ACE26926C28910007EF083 /* CleanArch.app */,
				D3ACE27A26C28913007EF083 /* CleanArchTests.xctest */,
				D3ACE28526C28913007EF083 /* CleanArchUITests.xctest */,
			);
			name = Products;
			sourceTree = "<group>";
		};
		D3ACE26B26C28910007EF083 /* CleanArch */ = {
			isa = PBXGroup;
			children = (
				D3ACE26C26C28910007EF083 /* CleanArchApp.swift */,
				D3ACE26E26C28910007EF083 /* ContentView.swift */,
				D3ACE27026C28913007EF083 /* Assets.xcassets */,
				D3ACE27526C28913007EF083 /* Info.plist */,
				D3ACE27226C28913007EF083 /* Preview Content */,
			);
			path = CleanArch;
			sourceTree = "<group>";
		};
		D3ACE27226C28913007EF083 /* Preview Content */ = {
			isa = PBXGroup;
			children = (
				D3ACE27326C28913007EF083 /* Preview Assets.xcassets */,
			);
			path = "Preview Content";
			sourceTree = "<group>";
		};
		D3ACE27D26C28913007EF083 /* CleanArchTests */ = {
			isa = PBXGroup;
			children = (
				D3ACE27E26C28913007EF083 /* CleanArchTests.swift */,
				D3ACE28026C28913007EF083 /* Info.plist */,
			);
			path = CleanArchTests;
			sourceTree = "<group>";
		};
		D3ACE28826C28913007EF083 /* CleanArchUITests */ = {
			isa = PBXGroup;
			children = (
				D3ACE28926C28913007EF083 /* CleanArchUITests.swift */,
				D3ACE28B26C28913007EF083 /* Info.plist */,
			);
			path = CleanArchUITests;
			sourceTree = "<group>";
		};
/* End PBXGroup section */

/* Begin PBXNativeTarget section */
		D3ACE26826C28910007EF083 /* CleanArch */ = {
			isa = PBXNativeTarget;
			buildConfigurationList = D3ACE28E26C28913007EF083 /* Build configuration list for PBXNativeTarget "CleanArch" */;
			buildPhases = (
				D3ACE26526C28910007EF083 /* Sources */,
				D3ACE26626C28910007EF083 /* Frameworks */,
				D3ACE26726C28910007EF083 /* Resources */,
			);
			buildRules = (
			);
			dependencies = (
			);
			name = CleanArch;
			productName = CleanArch;
			productReference = D3ACE26926C28910007EF083 /* CleanArch.app */;
			productType = "com.apple.product-type.application";
		};
		D3ACE27926C28913007EF083 /* CleanArchTests */ = {
			isa = PBXNativeTarget;
			buildConfigurationList = D3ACE29126C28913007EF083 /* Build configuration list for PBXNativeTarget "CleanArchTests" */;
			buildPhases = (
				D3ACE27626C28913007EF083 /* Sources */,
				D3ACE27726C28913007EF083 /* Frameworks */,
				D3ACE27826C28913007EF083 /* Resources */,
			);
			buildRules = (
			);
			dependencies = (
				D3ACE27C26C28913007EF083 /* PBXTargetDependency */,
			);
			name = CleanArchTests;
			productName = CleanArchTests;
			productReference = D3ACE27A26C28913007EF083 /* CleanArchTests.xctest */;
			productType = "com.apple.product-type.bundle.unit-test";
		};
		D3ACE28426C28913007EF083 /* CleanArchUITests */ = {
			isa = PBXNativeTarget;
			buildConfigurationList = D3ACE29426C28913007EF083 /* Build configuration list for PBXNativeTarget "CleanArchUITests" */;
			buildPhases = (
				D3ACE28126C28913007EF083 /* Sources */,
				D3ACE28226C28913007EF083 /* Frameworks */,
				D3ACE28326C28913007EF083 /* Resources */,
			);
			buildRules = (
			);
			dependencies = (
				D3ACE28726C28913007EF083 /* PBXTargetDependency */,
			);
			name = CleanArchUITests;
			productName = CleanArchUITests;
			productReference = D3ACE28526C28913007EF083 /* CleanArchUITests.xctest */;
			productType = "com.apple.product-type.bundle.ui-testing";
		};
/* End PBXNativeTarget section */

/* Begin PBXProject section */
		D3ACE26126C28910007EF083 /* Project object */ = {
			isa = PBXProject;
			attributes = {
				LastSwiftUpdateCheck = 1250;
				LastUpgradeCheck = 1250;
				TargetAttributes = {
					D3ACE26826C28910007EF083 = {
						CreatedOnToolsVersion = 12.5.1;
					};
					D3ACE27926C28913007EF083 = {
						CreatedOnToolsVersion = 12.5.1;
						TestTargetID = D3ACE26826C28910007EF083;
					};
					D3ACE28426C28913007EF083 = {
						CreatedOnToolsVersion = 12.5.1;
						TestTargetID = D3ACE26826C28910007EF083;
					};
				};
			};
			buildConfigurationList = D3ACE26426C28910007EF083 /* Build configuration list for PBXProject "CleanArch" */;
			compatibilityVersion = "Xcode 9.3";
			developmentRegion = en;
			hasScannedForEncodings = 0;
			knownRegions = (
				en,
				Base,
			);
			mainGroup = D3ACE26026C28910007EF083;
			productRefGroup = D3ACE26A26C28910007EF083 /* Products */;
			projectDirPath = "";
			projectRoot = "";
			targets = (
				D3ACE26826C28910007EF083 /* CleanArch */,
				D3ACE27926C28913007EF083 /* CleanArchTests */,
				D3ACE28426C28913007EF083 /* CleanArchUITests */,
			);
		};
/* End PBXProject section */

/* Begin PBXResourcesBuildPhase section */
		D3ACE26726C28910007EF083 /* Resources */ = {
			isa = PBXResourcesBuildPhase;
			buildActionMask = 2147483647;
			files = (
				D3ACE27426C28913007EF083 /* Preview Assets.xcassets in Resources */,
				D3ACE27126C28913007EF083 /* Assets.xcassets in Resources */,
			);
			runOnlyForDeploymentPostprocessing = 0;
		};
		D3ACE27826C28913007EF083 /* Resources */ = {
			isa = PBXResourcesBuildPhase;
			buildActionMask = 2147483647;
			files = (
			);
			runOnlyForDeploymentPostprocessing = 0;
		};
		D3ACE28326C28913007EF083 /* Resources */ = {
			isa = PBXResourcesBuildPhase;
			buildActionMask = 2147483647;
			files = (
			);
			runOnlyForDeploymentPostprocessing = 0;
		};
/* End PBXResourcesBuildPhase section */

/* Begin PBXSourcesBuildPhase section */
		D3ACE26526C28910007EF083 /* Sources */ = {
			isa = PBXSourcesBuildPhase;
			buildActionMask = 2147483647;
			files = (
				D3ACE26F26C28910007EF083 /* ContentView.swift in Sources */,
				D3ACE26D26C28910007EF083 /* CleanArchApp.swift in Sources */,
			);
			runOnlyForDeploymentPostprocessing = 0;
		};
		D3ACE27626C28913007EF083 /* Sources */ = {
			isa = PBXSourcesBuildPhase;
			buildActionMask = 2147483647;
			files = (
				D3ACE27F26C28913007EF083 /* CleanArchTests.swift in Sources */,
			);
			runOnlyForDeploymentPostprocessing = 0;
		};
		D3ACE28126C28913007EF083 /* Sources */ = {
			isa = PBXSourcesBuildPhase;
			buildActionMask = 2147483647;
			files = (
				D3ACE28A26C28913007EF083 /* CleanArchUITests.swift in Sources */,
			);
			runOnlyForDeploymentPostprocessing = 0;
		};
/* End PBXSourcesBuildPhase section */

/* Begin PBXTargetDependency section */
		D3ACE27C26C28913007EF083 /* PBXTargetDependency */ = {
			isa = PBXTargetDependency;
			target = D3ACE26826C28910007EF083 /* CleanArch */;
			targetProxy = D3ACE27B26C28913007EF083 /* PBXContainerItemProxy */;
		};
		D3ACE28726C28913007EF083 /* PBXTargetDependency */ = {
			isa = PBXTargetDependency;
			target = D3ACE26826C28910007EF083 /* CleanArch */;
			targetProxy = D3ACE28626C28913007EF083 /* PBXContainerItemProxy */;
		};
/* End PBXTargetDependency section */

/* Begin XCBuildConfiguration section */
		D3ACE28C26C28913007EF083 /* Debug */ = {
			isa = XCBuildConfiguration;
			buildSettings = {
				ALWAYS_SEARCH_USER_PATHS = NO;
				CLANG_ANALYZER_NONNULL = YES;
				CLANG_ANALYZER_NUMBER_OBJECT_CONVERSION = YES_AGGRESSIVE;
				CLANG_CXX_LANGUAGE_STANDARD = "gnu++14";
				CLANG_CXX_LIBRARY = "libc++";
				CLANG_ENABLE_MODULES = YES;
				CLANG_ENABLE_OBJC_ARC = YES;
				CLANG_ENABLE_OBJC_WEAK = YES;
				CLANG_WARN_BLOCK_CAPTURE_AUTORELEASING = YES;
				CLANG_WARN_BOOL_CONVERSION = YES;
				CLANG_WARN_COMMA = YES;
				CLANG_WARN_CONSTANT_CONVERSION = YES;
				CLANG_WARN_DEPRECATED_OBJC_IMPLEMENTATIONS = YES;
				CLANG_WARN_DIRECT_OBJC_ISA_USAGE = YES_ERROR;
				CLANG_WARN_DOCUMENTATION_COMMENTS = YES;
				CLANG_WARN_EMPTY_BODY = YES;
				CLANG_WARN_ENUM_CONVERSION = YES;
				CLANG_WARN_INFINITE_RECURSION = YES;
				CLANG_WARN_INT_CONVERSION = YES;
				CLANG_WARN_NON_LITERAL_NULL_CONVERSION = YES;
				CLANG_WARN_OBJC_IMPLICIT_RETAIN_SELF = YES;
				CLANG_WARN_OBJC_LITERAL_CONVERSION = YES;
				CLANG_WARN_OBJC_ROOT_CLASS = YES_ERROR;
				CLANG_WARN_QUOTED_INCLUDE_IN_FRAMEWORK_HEADER = YES;
				CLANG_WARN_RANGE_LOOP_ANALYSIS = YES;
				CLANG_WARN_STRICT_PROTOTYPES = YES;
				CLANG_WARN_SUSPICIOUS_MOVE = YES;
				CLANG_WARN_UNGUARDED_AVAILABILITY = YES_AGGRESSIVE;
				CLANG_WARN_UNREACHABLE_CODE = YES;
				CLANG_WARN__DUPLICATE_METHOD_MATCH = YES;
				COPY_PHASE_STRIP = NO;
				DEBUG_INFORMATION_FORMAT = dwarf;
				ENABLE_STRICT_OBJC_MSGSEND = YES;
				ENABLE_TESTABILITY = YES;
				GCC_C_LANGUAGE_STANDARD = gnu11;
				GCC_DYNAMIC_NO_PIC = NO;
				GCC_NO_COMMON_BLOCKS = YES;
				GCC_OPTIMIZATION_LEVEL = 0;
				GCC_PREPROCESSOR_DEFINITIONS = (
					"DEBUG=1",
					"$(inherited)",
				);
				GCC_WARN_64_TO_32_BIT_CONVERSION = YES;
				GCC_WARN_ABOUT_RETURN_TYPE = YES_ERROR;
				GCC_WARN_UNDECLARED_SELECTOR = YES;
				GCC_WARN_UNINITIALIZED_AUTOS = YES_AGGRESSIVE;
				GCC_WARN_UNUSED_FUNCTION = YES;
				GCC_WARN_UNUSED_VARIABLE = YES;
				IPHONEOS_DEPLOYMENT_TARGET = 14.5;
				MTL_ENABLE_DEBUG_INFO = INCLUDE_SOURCE;
				MTL_FAST_MATH = YES;
				ONLY_ACTIVE_ARCH = YES;
				SDKROOT = iphoneos;
				SWIFT_ACTIVE_COMPILATION_CONDITIONS = DEBUG;
				SWIFT_OPTIMIZATION_LEVEL = "-Onone";
			};
			name = Debug;
		};
		D3ACE28D26C28913007EF083 /* Release */ = {
			isa = XCBuildConfiguration;
			buildSettings = {
				ALWAYS_SEARCH_USER_PATHS = NO;
				CLANG_ANALYZER_NONNULL = YES;
				CLANG_ANALYZER_NUMBER_OBJECT_CONVERSION = YES_AGGRESSIVE;
				CLANG_CXX_LANGUAGE_STANDARD = "gnu++14";
				CLANG_CXX_LIBRARY = "libc++";
				CLANG_ENABLE_MODULES = YES;
				CLANG_ENABLE_OBJC_ARC = YES;
				CLANG_ENABLE_OBJC_WEAK = YES;
				CLANG_WARN_BLOCK_CAPTURE_AUTORELEASING = YES;
				CLANG_WARN_BOOL_CONVERSION = YES;
				CLANG_WARN_COMMA = YES;
				CLANG_WARN_CONSTANT_CONVERSION = YES;
				CLANG_WARN_DEPRECATED_OBJC_IMPLEMENTATIONS = YES;
				CLANG_WARN_DIRECT_OBJC_ISA_USAGE = YES_ERROR;
				CLANG_WARN_DOCUMENTATION_COMMENTS = YES;
				CLANG_WARN_EMPTY_BODY = YES;
				CLANG_WARN_ENUM_CONVERSION = YES;
				CLANG_WARN_INFINITE_RECURSION = YES;
				CLANG_WARN_INT_CONVERSION = YES;
				CLANG_WARN_NON_LITERAL_NULL_CONVERSION = YES;
				CLANG_WARN_OBJC_IMPLICIT_RETAIN_SELF = YES;
				CLANG_WARN_OBJC_LITERAL_CONVERSION = YES;
				CLANG_WARN_OBJC_ROOT_CLASS = YES_ERROR;
				CLANG_WARN_QUOTED_INCLUDE_IN_FRAMEWORK_HEADER = YES;
				CLANG_WARN_RANGE_LOOP_ANALYSIS = YES;
				CLANG_WARN_STRICT_PROTOTYPES = YES;
				CLANG_WARN_SUSPICIOUS_MOVE = YES;
				CLANG_WARN_UNGUARDED_AVAILABILITY = YES_AGGRESSIVE;
				CLANG_WARN_UNREACHABLE_CODE = YES;
				CLANG_WARN__DUPLICATE_METHOD_MATCH = YES;
				COPY_PHASE_STRIP = NO;
				DEBUG_INFORMATION_FORMAT = "dwarf-with-dsym";
				ENABLE_NS_ASSERTIONS = NO;
				ENABLE_STRICT_OBJC_MSGSEND = YES;
				GCC_C_LANGUAGE_STANDARD = gnu11;
				GCC_NO_COMMON_BLOCKS = YES;
				GCC_WARN_64_TO_32_BIT_CONVERSION = YES;
				GCC_WARN_ABOUT_RETURN_TYPE = YES_ERROR;
				GCC_WARN_UNDECLARED_SELECTOR = YES;
				GCC_WARN_UNINITIALIZED_AUTOS = YES_AGGRESSIVE;
				GCC_WARN_UNUSED_FUNCTION = YES;
				GCC_WARN_UNUSED_VARIABLE = YES;
				IPHONEOS_DEPLOYMENT_TARGET = 14.5;
				MTL_ENABLE_DEBUG_INFO = NO;
				MTL_FAST_MATH = YES;
				SDKROOT = iphoneos;
				SWIFT_COMPILATION_MODE = wholemodule;
				SWIFT_OPTIMIZATION_LEVEL = "-O";
				VALIDATE_PRODUCT = YES;
			};
			name = Release;
		};
		D3ACE28F26C28913007EF083 /* Debug */ = {
			isa = XCBuildConfiguration;
			buildSettings = {
				ASSETCATALOG_COMPILER_APPICON_NAME = AppIcon;
				ASSETCATALOG_COMPILER_GLOBAL_ACCENT_COLOR_NAME = AccentColor;
				CODE_SIGN_STYLE = Automatic;
				DEVELOPMENT_ASSET_PATHS = "\"CleanArch/Preview Content\"";
				DEVELOPMENT_TEAM = LRE923483J;
				ENABLE_PREVIEWS = YES;
				INFOPLIST_FILE = CleanArch/Info.plist;
				IPHONEOS_DEPLOYMENT_TARGET = 14.0;
				LD_RUNPATH_SEARCH_PATHS = (
					"$(inherited)",
					"@executable_path/Frameworks",
				);
				PRODUCT_BUNDLE_IDENTIFIER = es.digio.CleanArch;
				PRODUCT_NAME = "$(TARGET_NAME)";
				SWIFT_VERSION = 5.0;
				TARGETED_DEVICE_FAMILY = "1,2";
			};
			name = Debug;
		};
		D3ACE29026C28913007EF083 /* Release */ = {
			isa = XCBuildConfiguration;
			buildSettings = {
				ASSETCATALOG_COMPILER_APPICON_NAME = AppIcon;
				ASSETCATALOG_COMPILER_GLOBAL_ACCENT_COLOR_NAME = AccentColor;
				CODE_SIGN_STYLE = Automatic;
				DEVELOPMENT_ASSET_PATHS = "\"CleanArch/Preview Content\"";
				DEVELOPMENT_TEAM = LRE923483J;
				ENABLE_PREVIEWS = YES;
				INFOPLIST_FILE = CleanArch/Info.plist;
				IPHONEOS_DEPLOYMENT_TARGET = 14.0;
				LD_RUNPATH_SEARCH_PATHS = (
					"$(inherited)",
					"@executable_path/Frameworks",
				);
				PRODUCT_BUNDLE_IDENTIFIER = es.digio.CleanArch;
				PRODUCT_NAME = "$(TARGET_NAME)";
				SWIFT_VERSION = 5.0;
				TARGETED_DEVICE_FAMILY = "1,2";
			};
			name = Release;
		};
		D3ACE29226C28913007EF083 /* Debug */ = {
			isa = XCBuildConfiguration;
			buildSettings = {
				ALWAYS_EMBED_SWIFT_STANDARD_LIBRARIES = YES;
				BUNDLE_LOADER = "$(TEST_HOST)";
				CODE_SIGN_STYLE = Automatic;
				DEVELOPMENT_TEAM = LRE923483J;
				INFOPLIST_FILE = CleanArchTests/Info.plist;
				IPHONEOS_DEPLOYMENT_TARGET = 14.0;
				LD_RUNPATH_SEARCH_PATHS = (
					"$(inherited)",
					"@executable_path/Frameworks",
					"@loader_path/Frameworks",
				);
				PRODUCT_BUNDLE_IDENTIFIER = es.digio.CleanArchTests;
				PRODUCT_NAME = "$(TARGET_NAME)";
				SWIFT_VERSION = 5.0;
				TARGETED_DEVICE_FAMILY = "1,2";
				TEST_HOST = "$(BUILT_PRODUCTS_DIR)/CleanArch.app/CleanArch";
			};
			name = Debug;
		};
		D3ACE29326C28913007EF083 /* Release */ = {
			isa = XCBuildConfiguration;
			buildSettings = {
				ALWAYS_EMBED_SWIFT_STANDARD_LIBRARIES = YES;
				BUNDLE_LOADER = "$(TEST_HOST)";
				CODE_SIGN_STYLE = Automatic;
				DEVELOPMENT_TEAM = LRE923483J;
				INFOPLIST_FILE = CleanArchTests/Info.plist;
				IPHONEOS_DEPLOYMENT_TARGET = 14.0;
				LD_RUNPATH_SEARCH_PATHS = (
					"$(inherited)",
					"@executable_path/Frameworks",
					"@loader_path/Frameworks",
				);
				PRODUCT_BUNDLE_IDENTIFIER = es.digio.CleanArchTests;
				PRODUCT_NAME = "$(TARGET_NAME)";
				SWIFT_VERSION = 5.0;
				TARGETED_DEVICE_FAMILY = "1,2";
				TEST_HOST = "$(BUILT_PRODUCTS_DIR)/CleanArch.app/CleanArch";
			};
			name = Release;
		};
		D3ACE29526C28913007EF083 /* Debug */ = {
			isa = XCBuildConfiguration;
			buildSettings = {
				ALWAYS_EMBED_SWIFT_STANDARD_LIBRARIES = YES;
				CODE_SIGN_STYLE = Automatic;
				DEVELOPMENT_TEAM = LRE923483J;
				INFOPLIST_FILE = CleanArchUITests/Info.plist;
				LD_RUNPATH_SEARCH_PATHS = (
					"$(inherited)",
					"@executable_path/Frameworks",
					"@loader_path/Frameworks",
				);
				PRODUCT_BUNDLE_IDENTIFIER = es.digio.CleanArchUITests;
				PRODUCT_NAME = "$(TARGET_NAME)";
				SWIFT_VERSION = 5.0;
				TARGETED_DEVICE_FAMILY = "1,2";
				TEST_TARGET_NAME = CleanArch;
			};
			name = Debug;
		};
		D3ACE29626C28913007EF083 /* Release */ = {
			isa = XCBuildConfiguration;
			buildSettings = {
				ALWAYS_EMBED_SWIFT_STANDARD_LIBRARIES = YES;
				CODE_SIGN_STYLE = Automatic;
				DEVELOPMENT_TEAM = LRE923483J;
				INFOPLIST_FILE = CleanArchUITests/Info.plist;
				LD_RUNPATH_SEARCH_PATHS = (
					"$(inherited)",
					"@executable_path/Frameworks",
					"@loader_path/Frameworks",
				);
				PRODUCT_BUNDLE_IDENTIFIER = es.digio.CleanArchUITests;
				PRODUCT_NAME = "$(TARGET_NAME)";
				SWIFT_VERSION = 5.0;
				TARGETED_DEVICE_FAMILY = "1,2";
				TEST_TARGET_NAME = CleanArch;
			};
			name = Release;
		};
/* End XCBuildConfiguration section */

/* Begin XCConfigurationList section */
		D3ACE26426C28910007EF083 /* Build configuration list for PBXProject "CleanArch" */ = {
			isa = XCConfigurationList;
			buildConfigurations = (
				D3ACE28C26C28913007EF083 /* Debug */,
				D3ACE28D26C28913007EF083 /* Release */,
			);
			defaultConfigurationIsVisible = 0;
			defaultConfigurationName = Release;
		};
		D3ACE28E26C28913007EF083 /* Build configuration list for PBXNativeTarget "CleanArch" */ = {
			isa = XCConfigurationList;
			buildConfigurations = (
				D3ACE28F26C28913007EF083 /* Debug */,
				D3ACE29026C28913007EF083 /* Release */,
			);
			defaultConfigurationIsVisible = 0;
			defaultConfigurationName = Release;
		};
		D3ACE29126C28913007EF083 /* Build configuration list for PBXNativeTarget "CleanArchTests" */ = {
			isa = XCConfigurationList;
			buildConfigurations = (
				D3ACE29226C28913007EF083 /* Debug */,
				D3ACE29326C28913007EF083 /* Release */,
			);
			defaultConfigurationIsVisible = 0;
			defaultConfigurationName = Release;
		};
		D3ACE29426C28913007EF083 /* Build configuration list for PBXNativeTarget "CleanArchUITests" */ = {
			isa = XCConfigurationList;
			buildConfigurations = (
				D3ACE29526C28913007EF083 /* Debug */,
				D3ACE29626C28913007EF083 /* Release */,
			);
			defaultConfigurationIsVisible = 0;
			defaultConfigurationName = Release;
		};
/* End XCConfigurationList section */
	};
	rootObject = D3ACE26126C28910007EF083 /* Project object */;
}
